// !$*UTF8*$!
{
	archiveVersion = 1;
	classes = {
	};
	objectVersion = 56;
	objects = {

/* Begin PBXBuildFile section */
		3F439A2429A935D200F9CA1D /* Colors.xcassets in Resources */ = {isa = PBXBuildFile; fileRef = 3F439A2329A935D200F9CA1D /* Colors.xcassets */; };
		3F439A2929A93DA900F9CA1D /* GlobalConstants.swift in Sources */ = {isa = PBXBuildFile; fileRef = 3F439A2829A93DA900F9CA1D /* GlobalConstants.swift */; };
		3F439A2B29A93EC700F9CA1D /* Fonts.swift in Sources */ = {isa = PBXBuildFile; fileRef = 3F439A2A29A93EC700F9CA1D /* Fonts.swift */; };
		3F439A2F29A9435300F9CA1D /* UIViewController+Extensions.swift in Sources */ = {isa = PBXBuildFile; fileRef = 3F439A2E29A9435300F9CA1D /* UIViewController+Extensions.swift */; };
		3F439A3429A9464100F9CA1D /* AccountHomeViewController.swift in Sources */ = {isa = PBXBuildFile; fileRef = 3F439A3329A9464100F9CA1D /* AccountHomeViewController.swift */; };
		3F439A3729A946FF00F9CA1D /* AccountCell.swift in Sources */ = {isa = PBXBuildFile; fileRef = 3F439A3629A946FF00F9CA1D /* AccountCell.swift */; };
		3F439A3B29A9497300F9CA1D /* Account.swift in Sources */ = {isa = PBXBuildFile; fileRef = 3F439A3A29A9497300F9CA1D /* Account.swift */; };
		3F439A3D29A94AED00F9CA1D /* MainViewController.swift in Sources */ = {isa = PBXBuildFile; fileRef = 3F439A3C29A94AED00F9CA1D /* MainViewController.swift */; };
		5235453B29E8BD05002BECAB /* AccountCreationViewController.swift in Sources */ = {isa = PBXBuildFile; fileRef = 5235453A29E8BD05002BECAB /* AccountCreationViewController.swift */; };
		5235454029E8C364002BECAB /* MainButton.swift in Sources */ = {isa = PBXBuildFile; fileRef = 5235453F29E8C364002BECAB /* MainButton.swift */; };
		5235454329E8DC99002BECAB /* AccountCreationPageViewController.swift in Sources */ = {isa = PBXBuildFile; fileRef = 5235454229E8DC99002BECAB /* AccountCreationPageViewController.swift */; };
		5235454529E8DCA9002BECAB /* PersonalDataPageViewController.swift in Sources */ = {isa = PBXBuildFile; fileRef = 5235454429E8DCA9002BECAB /* PersonalDataPageViewController.swift */; };
		5235454729E8DCB9002BECAB /* LastStepPageViewController.swift in Sources */ = {isa = PBXBuildFile; fileRef = 5235454629E8DCB9002BECAB /* LastStepPageViewController.swift */; };
		5261ECDE29EC92AA0086BA29 /* String+Extension.swift in Sources */ = {isa = PBXBuildFile; fileRef = 5261ECDD29EC92AA0086BA29 /* String+Extension.swift */; };
		526BEC4E29E9A39800554701 /* BottomTitleTextField.swift in Sources */ = {isa = PBXBuildFile; fileRef = 526BEC4D29E9A39800554701 /* BottomTitleTextField.swift */; };
		526BEC5029E9B53E00554701 /* LeftTitleTextField.swift in Sources */ = {isa = PBXBuildFile; fileRef = 526BEC4F29E9B53E00554701 /* LeftTitleTextField.swift */; };
		527DED2E29EA0C190083567F /* DatePickerTextField.swift in Sources */ = {isa = PBXBuildFile; fileRef = 527DED2D29EA0C190083567F /* DatePickerTextField.swift */; };
		527DED3029EA15960083567F /* GenericPickerTextField.swift in Sources */ = {isa = PBXBuildFile; fileRef = 527DED2F29EA15960083567F /* GenericPickerTextField.swift */; };
		5285705229EB459300213F47 /* UploadPhotoButton.swift in Sources */ = {isa = PBXBuildFile; fileRef = 5285705129EB459300213F47 /* UploadPhotoButton.swift */; };
		628A885A299AD299009F30E6 /* AppDelegate.swift in Sources */ = {isa = PBXBuildFile; fileRef = 628A8859299AD299009F30E6 /* AppDelegate.swift */; };
		628A885E299AD299009F30E6 /* SplashViewController.swift in Sources */ = {isa = PBXBuildFile; fileRef = 628A885D299AD299009F30E6 /* SplashViewController.swift */; };
		628A8863299AD2A5009F30E6 /* Assets.xcassets in Resources */ = {isa = PBXBuildFile; fileRef = 628A8862299AD2A5009F30E6 /* Assets.xcassets */; };
		628A8866299AD2A5009F30E6 /* LaunchScreen.storyboard in Resources */ = {isa = PBXBuildFile; fileRef = 628A8864299AD2A5009F30E6 /* LaunchScreen.storyboard */; };
/* End PBXBuildFile section */

/* Begin PBXFileReference section */
		3F439A2329A935D200F9CA1D /* Colors.xcassets */ = {isa = PBXFileReference; lastKnownFileType = folder.assetcatalog; path = Colors.xcassets; sourceTree = "<group>"; };
		3F439A2829A93DA900F9CA1D /* GlobalConstants.swift */ = {isa = PBXFileReference; lastKnownFileType = sourcecode.swift; path = GlobalConstants.swift; sourceTree = "<group>"; };
		3F439A2A29A93EC700F9CA1D /* Fonts.swift */ = {isa = PBXFileReference; lastKnownFileType = sourcecode.swift; path = Fonts.swift; sourceTree = "<group>"; };
		3F439A2E29A9435300F9CA1D /* UIViewController+Extensions.swift */ = {isa = PBXFileReference; lastKnownFileType = sourcecode.swift; path = "UIViewController+Extensions.swift"; sourceTree = "<group>"; };
		3F439A3329A9464100F9CA1D /* AccountHomeViewController.swift */ = {isa = PBXFileReference; lastKnownFileType = sourcecode.swift; path = AccountHomeViewController.swift; sourceTree = "<group>"; };
		3F439A3629A946FF00F9CA1D /* AccountCell.swift */ = {isa = PBXFileReference; lastKnownFileType = sourcecode.swift; path = AccountCell.swift; sourceTree = "<group>"; };
		3F439A3A29A9497300F9CA1D /* Account.swift */ = {isa = PBXFileReference; lastKnownFileType = sourcecode.swift; path = Account.swift; sourceTree = "<group>"; };
		3F439A3C29A94AED00F9CA1D /* MainViewController.swift */ = {isa = PBXFileReference; lastKnownFileType = sourcecode.swift; path = MainViewController.swift; sourceTree = "<group>"; };
		5235453A29E8BD05002BECAB /* AccountCreationViewController.swift */ = {isa = PBXFileReference; lastKnownFileType = sourcecode.swift; path = AccountCreationViewController.swift; sourceTree = "<group>"; };
		5235453F29E8C364002BECAB /* MainButton.swift */ = {isa = PBXFileReference; lastKnownFileType = sourcecode.swift; path = MainButton.swift; sourceTree = "<group>"; };
		5235454229E8DC99002BECAB /* AccountCreationPageViewController.swift */ = {isa = PBXFileReference; lastKnownFileType = sourcecode.swift; path = AccountCreationPageViewController.swift; sourceTree = "<group>"; };
		5235454429E8DCA9002BECAB /* PersonalDataPageViewController.swift */ = {isa = PBXFileReference; lastKnownFileType = sourcecode.swift; path = PersonalDataPageViewController.swift; sourceTree = "<group>"; };
		5235454629E8DCB9002BECAB /* LastStepPageViewController.swift */ = {isa = PBXFileReference; lastKnownFileType = sourcecode.swift; path = LastStepPageViewController.swift; sourceTree = "<group>"; };
		5261ECDD29EC92AA0086BA29 /* String+Extension.swift */ = {isa = PBXFileReference; lastKnownFileType = sourcecode.swift; path = "String+Extension.swift"; sourceTree = "<group>"; };
		526BEC4D29E9A39800554701 /* BottomTitleTextField.swift */ = {isa = PBXFileReference; lastKnownFileType = sourcecode.swift; path = BottomTitleTextField.swift; sourceTree = "<group>"; };
		526BEC4F29E9B53E00554701 /* LeftTitleTextField.swift */ = {isa = PBXFileReference; lastKnownFileType = sourcecode.swift; path = LeftTitleTextField.swift; sourceTree = "<group>"; };
		527DED2D29EA0C190083567F /* DatePickerTextField.swift */ = {isa = PBXFileReference; lastKnownFileType = sourcecode.swift; path = DatePickerTextField.swift; sourceTree = "<group>"; };
		527DED2F29EA15960083567F /* GenericPickerTextField.swift */ = {isa = PBXFileReference; lastKnownFileType = sourcecode.swift; path = GenericPickerTextField.swift; sourceTree = "<group>"; };
		5285705129EB459300213F47 /* UploadPhotoButton.swift */ = {isa = PBXFileReference; lastKnownFileType = sourcecode.swift; path = UploadPhotoButton.swift; sourceTree = "<group>"; };
		628A8856299AD299009F30E6 /* Asistencia Bancoppel.app */ = {isa = PBXFileReference; explicitFileType = wrapper.application; includeInIndex = 0; path = "Asistencia Bancoppel.app"; sourceTree = BUILT_PRODUCTS_DIR; };
		628A8859299AD299009F30E6 /* AppDelegate.swift */ = {isa = PBXFileReference; lastKnownFileType = sourcecode.swift; path = AppDelegate.swift; sourceTree = "<group>"; };
		628A885D299AD299009F30E6 /* SplashViewController.swift */ = {isa = PBXFileReference; lastKnownFileType = sourcecode.swift; path = SplashViewController.swift; sourceTree = "<group>"; };
		628A8862299AD2A5009F30E6 /* Assets.xcassets */ = {isa = PBXFileReference; lastKnownFileType = folder.assetcatalog; path = Assets.xcassets; sourceTree = "<group>"; };
		628A8865299AD2A5009F30E6 /* Base */ = {isa = PBXFileReference; lastKnownFileType = file.storyboard; name = Base; path = Base.lproj/LaunchScreen.storyboard; sourceTree = "<group>"; };
		628A8867299AD2A5009F30E6 /* Info.plist */ = {isa = PBXFileReference; lastKnownFileType = text.plist.xml; path = Info.plist; sourceTree = "<group>"; };
/* End PBXFileReference section */

/* Begin PBXFrameworksBuildPhase section */
		628A8853299AD299009F30E6 /* Frameworks */ = {
			isa = PBXFrameworksBuildPhase;
			buildActionMask = 2147483647;
			files = (
			);
			runOnlyForDeploymentPostprocessing = 0;
		};
/* End PBXFrameworksBuildPhase section */

/* Begin PBXGroup section */
		3F439A2229A92E5F00F9CA1D /* Resources */ = {
			isa = PBXGroup;
			children = (
				628A8862299AD2A5009F30E6 /* Assets.xcassets */,
				3F439A2329A935D200F9CA1D /* Colors.xcassets */,
				628A8864299AD2A5009F30E6 /* LaunchScreen.storyboard */,
			);
			path = Resources;
			sourceTree = "<group>";
		};
		3F439A2529A937F300F9CA1D /* Application */ = {
			isa = PBXGroup;
			children = (
				628A8859299AD299009F30E6 /* AppDelegate.swift */,
			);
			path = Application;
			sourceTree = "<group>";
		};
		3F439A2629A93D4C00F9CA1D /* Utils */ = {
			isa = PBXGroup;
			children = (
				3F439A2829A93DA900F9CA1D /* GlobalConstants.swift */,
				3F439A2A29A93EC700F9CA1D /* Fonts.swift */,
			);
			path = Utils;
			sourceTree = "<group>";
		};
		3F439A2C29A93FA000F9CA1D /* Common */ = {
			isa = PBXGroup;
			children = (
				5235453C29E8C29C002BECAB /* Components */,
				3F439A2D29A9434200F9CA1D /* Extensions */,
			);
			path = Common;
			sourceTree = "<group>";
		};
		3F439A2D29A9434200F9CA1D /* Extensions */ = {
			isa = PBXGroup;
			children = (
				3F439A2E29A9435300F9CA1D /* UIViewController+Extensions.swift */,
				5261ECDD29EC92AA0086BA29 /* String+Extension.swift */,
			);
			path = Extensions;
			sourceTree = "<group>";
		};
		3F439A3029A945AC00F9CA1D /* Core */ = {
			isa = PBXGroup;
			children = (
				5235453629E8BCC3002BECAB /* AccountCreation */,
				3F439A3C29A94AED00F9CA1D /* MainViewController.swift */,
				3F439A3129A945E800F9CA1D /* AccountHome */,
			);
			path = Core;
			sourceTree = "<group>";
		};
		3F439A3129A945E800F9CA1D /* AccountHome */ = {
			isa = PBXGroup;
			children = (
				3F439A3829A9494B00F9CA1D /* Model */,
				3F439A3229A9461000F9CA1D /* View */,
				3F439A3929A9495200F9CA1D /* ViewModel */,
			);
			path = AccountHome;
			sourceTree = "<group>";
		};
		3F439A3229A9461000F9CA1D /* View */ = {
			isa = PBXGroup;
			children = (
				3F439A3529A946C100F9CA1D /* Cell */,
				3F439A3329A9464100F9CA1D /* AccountHomeViewController.swift */,
			);
			path = View;
			sourceTree = "<group>";
		};
		3F439A3529A946C100F9CA1D /* Cell */ = {
			isa = PBXGroup;
			children = (
				3F439A3629A946FF00F9CA1D /* AccountCell.swift */,
			);
			path = Cell;
			sourceTree = "<group>";
		};
		3F439A3829A9494B00F9CA1D /* Model */ = {
			isa = PBXGroup;
			children = (
				3F439A3A29A9497300F9CA1D /* Account.swift */,
			);
			path = Model;
			sourceTree = "<group>";
		};
		3F439A3929A9495200F9CA1D /* ViewModel */ = {
			isa = PBXGroup;
			children = (
			);
			path = ViewModel;
			sourceTree = "<group>";
		};
		5235453629E8BCC3002BECAB /* AccountCreation */ = {
			isa = PBXGroup;
			children = (
				5235453929E8BCDF002BECAB /* ViewModel */,
				5235453829E8BCDB002BECAB /* Model */,
				5235453729E8BCD6002BECAB /* View */,
			);
			path = AccountCreation;
			sourceTree = "<group>";
		};
		5235453729E8BCD6002BECAB /* View */ = {
			isa = PBXGroup;
			children = (
				5235454129E8DC68002BECAB /* Pages */,
				5235453A29E8BD05002BECAB /* AccountCreationViewController.swift */,
			);
			path = View;
			sourceTree = "<group>";
		};
		5235453829E8BCDB002BECAB /* Model */ = {
			isa = PBXGroup;
			children = (
			);
			path = Model;
			sourceTree = "<group>";
		};
		5235453929E8BCDF002BECAB /* ViewModel */ = {
			isa = PBXGroup;
			children = (
			);
			path = ViewModel;
			sourceTree = "<group>";
		};
		5235453C29E8C29C002BECAB /* Components */ = {
			isa = PBXGroup;
			children = (
				526BEC4C29E9A23F00554701 /* TextFields */,
				5235453D29E8C2A2002BECAB /* Buttons */,
			);
			path = Components;
			sourceTree = "<group>";
		};
		5235453D29E8C2A2002BECAB /* Buttons */ = {
			isa = PBXGroup;
			children = (
				5285705029EB458500213F47 /* UploadPhotoButton */,
				5235453E29E8C32C002BECAB /* MainButton */,
			);
			path = Buttons;
			sourceTree = "<group>";
		};
		5235453E29E8C32C002BECAB /* MainButton */ = {
			isa = PBXGroup;
			children = (
				5235453F29E8C364002BECAB /* MainButton.swift */,
			);
			path = MainButton;
			sourceTree = "<group>";
		};
		5235454129E8DC68002BECAB /* Pages */ = {
			isa = PBXGroup;
			children = (
				5235454229E8DC99002BECAB /* AccountCreationPageViewController.swift */,
				5235454429E8DCA9002BECAB /* PersonalDataPageViewController.swift */,
				5235454629E8DCB9002BECAB /* LastStepPageViewController.swift */,
			);
			path = Pages;
			sourceTree = "<group>";
		};
		526BEC4C29E9A23F00554701 /* TextFields */ = {
			isa = PBXGroup;
			children = (
				526BEC4D29E9A39800554701 /* BottomTitleTextField.swift */,
				526BEC4F29E9B53E00554701 /* LeftTitleTextField.swift */,
				527DED2D29EA0C190083567F /* DatePickerTextField.swift */,
				527DED2F29EA15960083567F /* GenericPickerTextField.swift */,
			);
			path = TextFields;
			sourceTree = "<group>";
		};
		5285705029EB458500213F47 /* UploadPhotoButton */ = {
			isa = PBXGroup;
			children = (
				5285705129EB459300213F47 /* UploadPhotoButton.swift */,
			);
			path = UploadPhotoButton;
			sourceTree = "<group>";
		};
		628A884D299AD299009F30E6 = {
			isa = PBXGroup;
			children = (
				628A8858299AD299009F30E6 /* Asistencia Bancoppel */,
				628A8857299AD299009F30E6 /* Products */,
			);
			sourceTree = "<group>";
		};
		628A8857299AD299009F30E6 /* Products */ = {
			isa = PBXGroup;
			children = (
				628A8856299AD299009F30E6 /* Asistencia Bancoppel.app */,
			);
			name = Products;
			sourceTree = "<group>";
		};
		628A8858299AD299009F30E6 /* Asistencia Bancoppel */ = {
			isa = PBXGroup;
			children = (
				628A8867299AD2A5009F30E6 /* Info.plist */,
				3F439A2529A937F300F9CA1D /* Application */,
				3F439A2C29A93FA000F9CA1D /* Common */,
				3F439A3029A945AC00F9CA1D /* Core */,
				3F439A2229A92E5F00F9CA1D /* Resources */,
				628A886D299AD407009F30E6 /* SplashView */,
				3F439A2629A93D4C00F9CA1D /* Utils */,
			);
			path = "Asistencia Bancoppel";
			sourceTree = "<group>";
		};
		628A886D299AD407009F30E6 /* SplashView */ = {
			isa = PBXGroup;
			children = (
				628A885D299AD299009F30E6 /* SplashViewController.swift */,
			);
			path = SplashView;
			sourceTree = "<group>";
		};
/* End PBXGroup section */

/* Begin PBXNativeTarget section */
		628A8855299AD299009F30E6 /* Asistencia Bancoppel */ = {
			isa = PBXNativeTarget;
			buildConfigurationList = 628A886A299AD2A5009F30E6 /* Build configuration list for PBXNativeTarget "Asistencia Bancoppel" */;
			buildPhases = (
				628A8852299AD299009F30E6 /* Sources */,
				628A8853299AD299009F30E6 /* Frameworks */,
				628A8854299AD299009F30E6 /* Resources */,
			);
			buildRules = (
			);
			dependencies = (
			);
			name = "Asistencia Bancoppel";
			productName = "Asistencia Bancoppel";
			productReference = 628A8856299AD299009F30E6 /* Asistencia Bancoppel.app */;
			productType = "com.apple.product-type.application";
		};
/* End PBXNativeTarget section */

/* Begin PBXProject section */
		628A884E299AD299009F30E6 /* Project object */ = {
			isa = PBXProject;
			attributes = {
				BuildIndependentTargetsInParallel = 1;
				LastSwiftUpdateCheck = 1420;
				LastUpgradeCheck = 1420;
				TargetAttributes = {
					628A8855299AD299009F30E6 = {
						CreatedOnToolsVersion = 14.2;
					};
				};
			};
			buildConfigurationList = 628A8851299AD299009F30E6 /* Build configuration list for PBXProject "Asistencia Bancoppel" */;
			compatibilityVersion = "Xcode 14.0";
			developmentRegion = en;
			hasScannedForEncodings = 0;
			knownRegions = (
				en,
				Base,
			);
			mainGroup = 628A884D299AD299009F30E6;
			productRefGroup = 628A8857299AD299009F30E6 /* Products */;
			projectDirPath = "";
			projectRoot = "";
			targets = (
				628A8855299AD299009F30E6 /* Asistencia Bancoppel */,
			);
		};
/* End PBXProject section */

/* Begin PBXResourcesBuildPhase section */
		628A8854299AD299009F30E6 /* Resources */ = {
			isa = PBXResourcesBuildPhase;
			buildActionMask = 2147483647;
			files = (
				3F439A2429A935D200F9CA1D /* Colors.xcassets in Resources */,
				628A8866299AD2A5009F30E6 /* LaunchScreen.storyboard in Resources */,
				628A8863299AD2A5009F30E6 /* Assets.xcassets in Resources */,
			);
			runOnlyForDeploymentPostprocessing = 0;
		};
/* End PBXResourcesBuildPhase section */

/* Begin PBXSourcesBuildPhase section */
		628A8852299AD299009F30E6 /* Sources */ = {
			isa = PBXSourcesBuildPhase;
			buildActionMask = 2147483647;
			files = (
				5235454329E8DC99002BECAB /* AccountCreationPageViewController.swift in Sources */,
				527DED3029EA15960083567F /* GenericPickerTextField.swift in Sources */,
				628A885E299AD299009F30E6 /* SplashViewController.swift in Sources */,
				526BEC4E29E9A39800554701 /* BottomTitleTextField.swift in Sources */,
				5285705229EB459300213F47 /* UploadPhotoButton.swift in Sources */,
				3F439A3729A946FF00F9CA1D /* AccountCell.swift in Sources */,
				527DED2E29EA0C190083567F /* DatePickerTextField.swift in Sources */,
				5235454529E8DCA9002BECAB /* PersonalDataPageViewController.swift in Sources */,
				5261ECDE29EC92AA0086BA29 /* String+Extension.swift in Sources */,
				3F439A2B29A93EC700F9CA1D /* Fonts.swift in Sources */,
				628A885A299AD299009F30E6 /* AppDelegate.swift in Sources */,
				3F439A3429A9464100F9CA1D /* AccountHomeViewController.swift in Sources */,
				3F439A3B29A9497300F9CA1D /* Account.swift in Sources */,
				526BEC5029E9B53E00554701 /* LeftTitleTextField.swift in Sources */,
				5235454729E8DCB9002BECAB /* LastStepPageViewController.swift in Sources */,
				3F439A2929A93DA900F9CA1D /* GlobalConstants.swift in Sources */,
				5235454029E8C364002BECAB /* MainButton.swift in Sources */,
				5235453B29E8BD05002BECAB /* AccountCreationViewController.swift in Sources */,
				3F439A2F29A9435300F9CA1D /* UIViewController+Extensions.swift in Sources */,
				3F439A3D29A94AED00F9CA1D /* MainViewController.swift in Sources */,
			);
			runOnlyForDeploymentPostprocessing = 0;
		};
/* End PBXSourcesBuildPhase section */

/* Begin PBXVariantGroup section */
		628A8864299AD2A5009F30E6 /* LaunchScreen.storyboard */ = {
			isa = PBXVariantGroup;
			children = (
				628A8865299AD2A5009F30E6 /* Base */,
			);
			name = LaunchScreen.storyboard;
			sourceTree = "<group>";
		};
/* End PBXVariantGroup section */

/* Begin XCBuildConfiguration section */
		628A8868299AD2A5009F30E6 /* Debug */ = {
			isa = XCBuildConfiguration;
			buildSettings = {
				ALWAYS_SEARCH_USER_PATHS = NO;
				CLANG_ANALYZER_NONNULL = YES;
				CLANG_ANALYZER_NUMBER_OBJECT_CONVERSION = YES_AGGRESSIVE;
				CLANG_CXX_LANGUAGE_STANDARD = "gnu++20";
				CLANG_ENABLE_MODULES = YES;
				CLANG_ENABLE_OBJC_ARC = YES;
				CLANG_ENABLE_OBJC_WEAK = YES;
				CLANG_WARN_BLOCK_CAPTURE_AUTORELEASING = YES;
				CLANG_WARN_BOOL_CONVERSION = YES;
				CLANG_WARN_COMMA = YES;
				CLANG_WARN_CONSTANT_CONVERSION = YES;
				CLANG_WARN_DEPRECATED_OBJC_IMPLEMENTATIONS = YES;
				CLANG_WARN_DIRECT_OBJC_ISA_USAGE = YES_ERROR;
				CLANG_WARN_DOCUMENTATION_COMMENTS = YES;
				CLANG_WARN_EMPTY_BODY = YES;
				CLANG_WARN_ENUM_CONVERSION = YES;
				CLANG_WARN_INFINITE_RECURSION = YES;
				CLANG_WARN_INT_CONVERSION = YES;
				CLANG_WARN_NON_LITERAL_NULL_CONVERSION = YES;
				CLANG_WARN_OBJC_IMPLICIT_RETAIN_SELF = YES;
				CLANG_WARN_OBJC_LITERAL_CONVERSION = YES;
				CLANG_WARN_OBJC_ROOT_CLASS = YES_ERROR;
				CLANG_WARN_QUOTED_INCLUDE_IN_FRAMEWORK_HEADER = YES;
				CLANG_WARN_RANGE_LOOP_ANALYSIS = YES;
				CLANG_WARN_STRICT_PROTOTYPES = YES;
				CLANG_WARN_SUSPICIOUS_MOVE = YES;
				CLANG_WARN_UNGUARDED_AVAILABILITY = YES_AGGRESSIVE;
				CLANG_WARN_UNREACHABLE_CODE = YES;
				CLANG_WARN__DUPLICATE_METHOD_MATCH = YES;
				COPY_PHASE_STRIP = NO;
				DEBUG_INFORMATION_FORMAT = dwarf;
				ENABLE_STRICT_OBJC_MSGSEND = YES;
				ENABLE_TESTABILITY = YES;
				GCC_C_LANGUAGE_STANDARD = gnu11;
				GCC_DYNAMIC_NO_PIC = NO;
				GCC_NO_COMMON_BLOCKS = YES;
				GCC_OPTIMIZATION_LEVEL = 0;
				GCC_PREPROCESSOR_DEFINITIONS = (
					"DEBUG=1",
					"$(inherited)",
				);
				GCC_WARN_64_TO_32_BIT_CONVERSION = YES;
				GCC_WARN_ABOUT_RETURN_TYPE = YES_ERROR;
				GCC_WARN_UNDECLARED_SELECTOR = YES;
				GCC_WARN_UNINITIALIZED_AUTOS = YES_AGGRESSIVE;
				GCC_WARN_UNUSED_FUNCTION = YES;
				GCC_WARN_UNUSED_VARIABLE = YES;
				IPHONEOS_DEPLOYMENT_TARGET = 11.0;
				MTL_ENABLE_DEBUG_INFO = INCLUDE_SOURCE;
				MTL_FAST_MATH = YES;
				ONLY_ACTIVE_ARCH = YES;
				SDKROOT = iphoneos;
				SWIFT_ACTIVE_COMPILATION_CONDITIONS = DEBUG;
				SWIFT_OPTIMIZATION_LEVEL = "-Onone";
			};
			name = Debug;
		};
		628A8869299AD2A5009F30E6 /* Release */ = {
			isa = XCBuildConfiguration;
			buildSettings = {
				ALWAYS_SEARCH_USER_PATHS = NO;
				CLANG_ANALYZER_NONNULL = YES;
				CLANG_ANALYZER_NUMBER_OBJECT_CONVERSION = YES_AGGRESSIVE;
				CLANG_CXX_LANGUAGE_STANDARD = "gnu++20";
				CLANG_ENABLE_MODULES = YES;
				CLANG_ENABLE_OBJC_ARC = YES;
				CLANG_ENABLE_OBJC_WEAK = YES;
				CLANG_WARN_BLOCK_CAPTURE_AUTORELEASING = YES;
				CLANG_WARN_BOOL_CONVERSION = YES;
				CLANG_WARN_COMMA = YES;
				CLANG_WARN_CONSTANT_CONVERSION = YES;
				CLANG_WARN_DEPRECATED_OBJC_IMPLEMENTATIONS = YES;
				CLANG_WARN_DIRECT_OBJC_ISA_USAGE = YES_ERROR;
				CLANG_WARN_DOCUMENTATION_COMMENTS = YES;
				CLANG_WARN_EMPTY_BODY = YES;
				CLANG_WARN_ENUM_CONVERSION = YES;
				CLANG_WARN_INFINITE_RECURSION = YES;
				CLANG_WARN_INT_CONVERSION = YES;
				CLANG_WARN_NON_LITERAL_NULL_CONVERSION = YES;
				CLANG_WARN_OBJC_IMPLICIT_RETAIN_SELF = YES;
				CLANG_WARN_OBJC_LITERAL_CONVERSION = YES;
				CLANG_WARN_OBJC_ROOT_CLASS = YES_ERROR;
				CLANG_WARN_QUOTED_INCLUDE_IN_FRAMEWORK_HEADER = YES;
				CLANG_WARN_RANGE_LOOP_ANALYSIS = YES;
				CLANG_WARN_STRICT_PROTOTYPES = YES;
				CLANG_WARN_SUSPICIOUS_MOVE = YES;
				CLANG_WARN_UNGUARDED_AVAILABILITY = YES_AGGRESSIVE;
				CLANG_WARN_UNREACHABLE_CODE = YES;
				CLANG_WARN__DUPLICATE_METHOD_MATCH = YES;
				COPY_PHASE_STRIP = NO;
				DEBUG_INFORMATION_FORMAT = "dwarf-with-dsym";
				ENABLE_NS_ASSERTIONS = NO;
				ENABLE_STRICT_OBJC_MSGSEND = YES;
				GCC_C_LANGUAGE_STANDARD = gnu11;
				GCC_NO_COMMON_BLOCKS = YES;
				GCC_WARN_64_TO_32_BIT_CONVERSION = YES;
				GCC_WARN_ABOUT_RETURN_TYPE = YES_ERROR;
				GCC_WARN_UNDECLARED_SELECTOR = YES;
				GCC_WARN_UNINITIALIZED_AUTOS = YES_AGGRESSIVE;
				GCC_WARN_UNUSED_FUNCTION = YES;
				GCC_WARN_UNUSED_VARIABLE = YES;
				IPHONEOS_DEPLOYMENT_TARGET = 11.0;
				MTL_ENABLE_DEBUG_INFO = NO;
				MTL_FAST_MATH = YES;
				SDKROOT = iphoneos;
				SWIFT_COMPILATION_MODE = wholemodule;
				SWIFT_OPTIMIZATION_LEVEL = "-O";
				VALIDATE_PRODUCT = YES;
			};
			name = Release;
		};
		628A886B299AD2A5009F30E6 /* Debug */ = {
			isa = XCBuildConfiguration;
			buildSettings = {
				ASSETCATALOG_COMPILER_APPICON_NAME = AppIcon;
				ASSETCATALOG_COMPILER_GLOBAL_ACCENT_COLOR_NAME = AccentColor;
				CODE_SIGN_STYLE = Automatic;
				CURRENT_PROJECT_VERSION = 1;
				GENERATE_INFOPLIST_FILE = YES;
				INFOPLIST_FILE = "Asistencia Bancoppel/Info.plist";
				INFOPLIST_KEY_UIApplicationSupportsIndirectInputEvents = YES;
				INFOPLIST_KEY_UILaunchStoryboardName = LaunchScreen;
				INFOPLIST_KEY_UISupportedInterfaceOrientations = UIInterfaceOrientationPortrait;
				IPHONEOS_DEPLOYMENT_TARGET = 11.0;
				LD_RUNPATH_SEARCH_PATHS = (
					"$(inherited)",
					"@executable_path/Frameworks",
				);
				MARKETING_VERSION = 1.0;
				PRODUCT_BUNDLE_IDENTIFIER = "JRRG.Asistencia-Bancoppel";
				PRODUCT_NAME = "$(TARGET_NAME)";
				SUPPORTED_PLATFORMS = "iphoneos iphonesimulator";
				SUPPORTS_MACCATALYST = NO;
				SUPPORTS_MAC_DESIGNED_FOR_IPHONE_IPAD = NO;
				SWIFT_EMIT_LOC_STRINGS = YES;
				SWIFT_VERSION = 5.0;
				TARGETED_DEVICE_FAMILY = 1;
			};
			name = Debug;
		};
		628A886C299AD2A5009F30E6 /* Release */ = {
			isa = XCBuildConfiguration;
			buildSettings = {
				ASSETCATALOG_COMPILER_APPICON_NAME = AppIcon;
				ASSETCATALOG_COMPILER_GLOBAL_ACCENT_COLOR_NAME = AccentColor;
				CODE_SIGN_STYLE = Automatic;
				CURRENT_PROJECT_VERSION = 1;
				GENERATE_INFOPLIST_FILE = YES;
				INFOPLIST_FILE = "Asistencia Bancoppel/Info.plist";
				INFOPLIST_KEY_UIApplicationSupportsIndirectInputEvents = YES;
				INFOPLIST_KEY_UILaunchStoryboardName = LaunchScreen;
				INFOPLIST_KEY_UISupportedInterfaceOrientations = UIInterfaceOrientationPortrait;
				IPHONEOS_DEPLOYMENT_TARGET = 11.0;
				LD_RUNPATH_SEARCH_PATHS = (
					"$(inherited)",
					"@executable_path/Frameworks",
				);
				MARKETING_VERSION = 1.0;
				PRODUCT_BUNDLE_IDENTIFIER = "JRRG.Asistencia-Bancoppel";
				PRODUCT_NAME = "$(TARGET_NAME)";
				SUPPORTED_PLATFORMS = "iphoneos iphonesimulator";
				SUPPORTS_MACCATALYST = NO;
				SUPPORTS_MAC_DESIGNED_FOR_IPHONE_IPAD = NO;
				SWIFT_EMIT_LOC_STRINGS = YES;
				SWIFT_VERSION = 5.0;
				TARGETED_DEVICE_FAMILY = 1;
			};
			name = Release;
		};
/* End XCBuildConfiguration section */

/* Begin XCConfigurationList section */
		628A8851299AD299009F30E6 /* Build configuration list for PBXProject "Asistencia Bancoppel" */ = {
			isa = XCConfigurationList;
			buildConfigurations = (
				628A8868299AD2A5009F30E6 /* Debug */,
				628A8869299AD2A5009F30E6 /* Release */,
			);
			defaultConfigurationIsVisible = 0;
			defaultConfigurationName = Release;
		};
		628A886A299AD2A5009F30E6 /* Build configuration list for PBXNativeTarget "Asistencia Bancoppel" */ = {
			isa = XCConfigurationList;
			buildConfigurations = (
				628A886B299AD2A5009F30E6 /* Debug */,
				628A886C299AD2A5009F30E6 /* Release */,
			);
			defaultConfigurationIsVisible = 0;
			defaultConfigurationName = Release;
		};
/* End XCConfigurationList section */
	};
	rootObject = 628A884E299AD299009F30E6 /* Project object */;
}
