// !$*UTF8*$!
{
	archiveVersion = 1;
	classes = {
	};
	objectVersion = 56;
	objects = {

/* Begin PBXBuildFile section */
		3F439A2429A935D200F9CA1D /* Colors.xcassets in Resources */ = {isa = PBXBuildFile; fileRef = 3F439A2329A935D200F9CA1D /* Colors.xcassets */; };
		3F439A2929A93DA900F9CA1D /* GlobalConstants.swift in Sources */ = {isa = PBXBuildFile; fileRef = 3F439A2829A93DA900F9CA1D /* GlobalConstants.swift */; };
		3F439A2F29A9435300F9CA1D /* UIViewController+Extensions.swift in Sources */ = {isa = PBXBuildFile; fileRef = 3F439A2E29A9435300F9CA1D /* UIViewController+Extensions.swift */; };
		3F439A3429A9464100F9CA1D /* AccountHomeViewController.swift in Sources */ = {isa = PBXBuildFile; fileRef = 3F439A3329A9464100F9CA1D /* AccountHomeViewController.swift */; };
		3F439A3729A946FF00F9CA1D /* AccountCell.swift in Sources */ = {isa = PBXBuildFile; fileRef = 3F439A3629A946FF00F9CA1D /* AccountCell.swift */; };
		3F439A3B29A9497300F9CA1D /* AccountModel.swift in Sources */ = {isa = PBXBuildFile; fileRef = 3F439A3A29A9497300F9CA1D /* AccountModel.swift */; };
		520E853C29F7194B00EF10FF /* TextFieldInputCasingEnum.swift in Sources */ = {isa = PBXBuildFile; fileRef = 520E853B29F7194B00EF10FF /* TextFieldInputCasingEnum.swift */; };
		520E854A29F7358900EF10FF /* AuxAccountCreationViewController.swift in Sources */ = {isa = PBXBuildFile; fileRef = 520E854929F7358900EF10FF /* AuxAccountCreationViewController.swift */; };
		520E854C29F73E8400EF10FF /* PersonalDataViewController.swift in Sources */ = {isa = PBXBuildFile; fileRef = 520E854B29F73E8400EF10FF /* PersonalDataViewController.swift */; };
		520E854E29F7413000EF10FF /* LastStepViewController.swift in Sources */ = {isa = PBXBuildFile; fileRef = 520E854D29F7413000EF10FF /* LastStepViewController.swift */; };
		520E855029F74D8500EF10FF /* LastStepViewModel.swift in Sources */ = {isa = PBXBuildFile; fileRef = 520E854F29F74D8500EF10FF /* LastStepViewModel.swift */; };
		520E855229F74D9F00EF10FF /* AuxAccountCreationModel.swift in Sources */ = {isa = PBXBuildFile; fileRef = 520E855129F74D9F00EF10FF /* AuxAccountCreationModel.swift */; };
		522AE74029F06D580091AD6C /* CustomCalendarView.swift in Sources */ = {isa = PBXBuildFile; fileRef = 522AE73F29F06D580091AD6C /* CustomCalendarView.swift */; };
		522AE74229F070720091AD6C /* Date+Extension.swift in Sources */ = {isa = PBXBuildFile; fileRef = 522AE74129F070720091AD6C /* Date+Extension.swift */; };
		522AE74529F0716D0091AD6C /* CustomCalendarViewCell.swift in Sources */ = {isa = PBXBuildFile; fileRef = 522AE74429F0716D0091AD6C /* CustomCalendarViewCell.swift */; };
		522AE74829F0729B0091AD6C /* CustomCalendarMonthModel.swift in Sources */ = {isa = PBXBuildFile; fileRef = 522AE74729F0729B0091AD6C /* CustomCalendarMonthModel.swift */; };
		522AE74A29F072AA0091AD6C /* CustomCalendarDayModel.swift in Sources */ = {isa = PBXBuildFile; fileRef = 522AE74929F072AA0091AD6C /* CustomCalendarDayModel.swift */; };
		522AE74C29F072EC0091AD6C /* CustomCalendarCellStyleEnum.swift in Sources */ = {isa = PBXBuildFile; fileRef = 522AE74B29F072EC0091AD6C /* CustomCalendarCellStyleEnum.swift */; };
		522AE74E29F08E110091AD6C /* AccountCreationViewModel.swift in Sources */ = {isa = PBXBuildFile; fileRef = 522AE74D29F08E110091AD6C /* AccountCreationViewModel.swift */; };
		522AE75229F090720091AD6C /* CustomObservable.swift in Sources */ = {isa = PBXBuildFile; fileRef = 522AE75129F090720091AD6C /* CustomObservable.swift */; };
		522AE75529F0AABF0091AD6C /* CustomLoader.swift in Sources */ = {isa = PBXBuildFile; fileRef = 522AE75429F0AABF0091AD6C /* CustomLoader.swift */; };
		522AE75829F0C12E0091AD6C /* Font+Extension.swift in Sources */ = {isa = PBXBuildFile; fileRef = 522AE75729F0C12E0091AD6C /* Font+Extension.swift */; };
		522AE75A29F0C6120091AD6C /* LICENSE.txt in Resources */ = {isa = PBXBuildFile; fileRef = 522AE75929F0C6120091AD6C /* LICENSE.txt */; };
		522AE75C29F0C61C0091AD6C /* Roboto-Italic.ttf in Resources */ = {isa = PBXBuildFile; fileRef = 522AE75B29F0C61B0091AD6C /* Roboto-Italic.ttf */; };
		522AE76029F0C63D0091AD6C /* Roboto-Medium.ttf in Resources */ = {isa = PBXBuildFile; fileRef = 522AE75D29F0C63D0091AD6C /* Roboto-Medium.ttf */; };
		522AE76129F0C63D0091AD6C /* Roboto-Regular.ttf in Resources */ = {isa = PBXBuildFile; fileRef = 522AE75E29F0C63D0091AD6C /* Roboto-Regular.ttf */; };
		522AE76229F0C63D0091AD6C /* Roboto-Bold.ttf in Resources */ = {isa = PBXBuildFile; fileRef = 522AE75F29F0C63D0091AD6C /* Roboto-Bold.ttf */; };
		5235453B29E8BD05002BECAB /* AccountCreationViewController.swift in Sources */ = {isa = PBXBuildFile; fileRef = 5235453A29E8BD05002BECAB /* AccountCreationViewController.swift */; };
		5235454029E8C364002BECAB /* MainButton.swift in Sources */ = {isa = PBXBuildFile; fileRef = 5235453F29E8C364002BECAB /* MainButton.swift */; };
		5235454329E8DC99002BECAB /* AccountCreationPageViewController.swift in Sources */ = {isa = PBXBuildFile; fileRef = 5235454229E8DC99002BECAB /* AccountCreationPageViewController.swift */; };
		5235454529E8DCA9002BECAB /* PersonalDataPageViewController.swift in Sources */ = {isa = PBXBuildFile; fileRef = 5235454429E8DCA9002BECAB /* PersonalDataPageViewController.swift */; };
		5235454729E8DCB9002BECAB /* LastStepPageViewController.swift in Sources */ = {isa = PBXBuildFile; fileRef = 5235454629E8DCB9002BECAB /* LastStepPageViewController.swift */; };
		5261ECDE29EC92AA0086BA29 /* String+Extension.swift in Sources */ = {isa = PBXBuildFile; fileRef = 5261ECDD29EC92AA0086BA29 /* String+Extension.swift */; };
		526BEC4E29E9A39800554701 /* BottomTitleTextField.swift in Sources */ = {isa = PBXBuildFile; fileRef = 526BEC4D29E9A39800554701 /* BottomTitleTextField.swift */; };
		526BEC5029E9B53E00554701 /* LeftTitleTextField.swift in Sources */ = {isa = PBXBuildFile; fileRef = 526BEC4F29E9B53E00554701 /* LeftTitleTextField.swift */; };
		527DED2E29EA0C190083567F /* DatePickerTextField.swift in Sources */ = {isa = PBXBuildFile; fileRef = 527DED2D29EA0C190083567F /* DatePickerTextField.swift */; };
		527DED3029EA15960083567F /* GenericPickerTextField.swift in Sources */ = {isa = PBXBuildFile; fileRef = 527DED2F29EA15960083567F /* GenericPickerTextField.swift */; };
		5285705229EB459300213F47 /* UploadPhotoButton.swift in Sources */ = {isa = PBXBuildFile; fileRef = 5285705129EB459300213F47 /* UploadPhotoButton.swift */; };
		52E32B9829F19DE0006CAEF9 /* UIView+Extension.swift in Sources */ = {isa = PBXBuildFile; fileRef = 52E32B9729F19DE0006CAEF9 /* UIView+Extension.swift */; };
		52E32B9A29F1B90C006CAEF9 /* TextFieldInputValidationEnum.swift in Sources */ = {isa = PBXBuildFile; fileRef = 52E32B9929F1B90C006CAEF9 /* TextFieldInputValidationEnum.swift */; };
		52E7CAA429F1F9A80039E921 /* AccountViewModel.swift in Sources */ = {isa = PBXBuildFile; fileRef = 52E7CAA329F1F9A80039E921 /* AccountViewModel.swift */; };
		52E7CAA629F1FC9E0039E921 /* Account.swift in Sources */ = {isa = PBXBuildFile; fileRef = 52E7CAA529F1FC9E0039E921 /* Account.swift */; };
		52FA7AD029F2EA0600225D10 /* CustomTabBarView.swift in Sources */ = {isa = PBXBuildFile; fileRef = 52FA7ACF29F2EA0600225D10 /* CustomTabBarView.swift */; };
		52FA7AD229F2EC8D00225D10 /* CustomTabButton.swift in Sources */ = {isa = PBXBuildFile; fileRef = 52FA7AD129F2EC8D00225D10 /* CustomTabButton.swift */; };
		52FA7AD529F2F14900225D10 /* CustomTabButtonModel.swift in Sources */ = {isa = PBXBuildFile; fileRef = 52FA7AD429F2F14900225D10 /* CustomTabButtonModel.swift */; };
		52FA7AD729F2F17300225D10 /* CustomTabButtonShadowStyleEnum.swift in Sources */ = {isa = PBXBuildFile; fileRef = 52FA7AD629F2F17300225D10 /* CustomTabButtonShadowStyleEnum.swift */; };
		52FA7AD929F2FFA200225D10 /* MainPagerViewController.swift in Sources */ = {isa = PBXBuildFile; fileRef = 52FA7AD829F2FFA200225D10 /* MainPagerViewController.swift */; };
		52FA7ADC29F34B9300225D10 /* DeviceSize.swift in Sources */ = {isa = PBXBuildFile; fileRef = 52FA7ADB29F34B9300225D10 /* DeviceSize.swift */; };
		52FA7AE229F34E6000225D10 /* Dimensions.swift in Sources */ = {isa = PBXBuildFile; fileRef = 52FA7AE129F34E6000225D10 /* Dimensions.swift */; };
		52FE749429EE095B00823646 /* GoogleService-Info.plist in Resources */ = {isa = PBXBuildFile; fileRef = 52FE749329EE095B00823646 /* GoogleService-Info.plist */; };
		52FE749729EE0D9000823646 /* FirebaseManager.swift in Sources */ = {isa = PBXBuildFile; fileRef = 52FE749629EE0D9000823646 /* FirebaseManager.swift */; };
		628A885A299AD299009F30E6 /* AppDelegate.swift in Sources */ = {isa = PBXBuildFile; fileRef = 628A8859299AD299009F30E6 /* AppDelegate.swift */; };
		628A885E299AD299009F30E6 /* SplashViewController.swift in Sources */ = {isa = PBXBuildFile; fileRef = 628A885D299AD299009F30E6 /* SplashViewController.swift */; };
		628A8863299AD2A5009F30E6 /* Assets.xcassets in Resources */ = {isa = PBXBuildFile; fileRef = 628A8862299AD2A5009F30E6 /* Assets.xcassets */; };
		628A8866299AD2A5009F30E6 /* LaunchScreen.storyboard in Resources */ = {isa = PBXBuildFile; fileRef = 628A8864299AD2A5009F30E6 /* LaunchScreen.storyboard */; };
		79BB907CC54C3785D90AEA89 /* Pods_Asistencia_Bancoppel.framework in Frameworks */ = {isa = PBXBuildFile; fileRef = 9BBA737F74520312CC1DF34F /* Pods_Asistencia_Bancoppel.framework */; };
		FA3BC0D729EDD5000024FEE0 /* LoginViewController.swift in Sources */ = {isa = PBXBuildFile; fileRef = FA3BC0D629EDD5000024FEE0 /* LoginViewController.swift */; };
		FA3BC0DA29EDD54E0024FEE0 /* LoginBackgroundView.swift in Sources */ = {isa = PBXBuildFile; fileRef = FA3BC0D929EDD54E0024FEE0 /* LoginBackgroundView.swift */; };
		FA3BC0DE29EDD6460024FEE0 /* GardientBackgroundView.swift in Sources */ = {isa = PBXBuildFile; fileRef = FA3BC0DD29EDD6460024FEE0 /* GardientBackgroundView.swift */; };
		FA56BC6729F0DF05004CE981 /* LoginViewModel.swift in Sources */ = {isa = PBXBuildFile; fileRef = FA56BC6629F0DF05004CE981 /* LoginViewModel.swift */; };
		FA56BC6B29F10039004CE981 /* LoginModel.swift in Sources */ = {isa = PBXBuildFile; fileRef = FA56BC6A29F10039004CE981 /* LoginModel.swift */; };
/* End PBXBuildFile section */

/* Begin PBXFileReference section */
		3F439A2329A935D200F9CA1D /* Colors.xcassets */ = {isa = PBXFileReference; lastKnownFileType = folder.assetcatalog; path = Colors.xcassets; sourceTree = "<group>"; };
		3F439A2829A93DA900F9CA1D /* GlobalConstants.swift */ = {isa = PBXFileReference; lastKnownFileType = sourcecode.swift; path = GlobalConstants.swift; sourceTree = "<group>"; };
		3F439A2E29A9435300F9CA1D /* UIViewController+Extensions.swift */ = {isa = PBXFileReference; lastKnownFileType = sourcecode.swift; path = "UIViewController+Extensions.swift"; sourceTree = "<group>"; };
		3F439A3329A9464100F9CA1D /* AccountHomeViewController.swift */ = {isa = PBXFileReference; lastKnownFileType = sourcecode.swift; path = AccountHomeViewController.swift; sourceTree = "<group>"; };
		3F439A3629A946FF00F9CA1D /* AccountCell.swift */ = {isa = PBXFileReference; lastKnownFileType = sourcecode.swift; path = AccountCell.swift; sourceTree = "<group>"; };
		3F439A3A29A9497300F9CA1D /* AccountModel.swift */ = {isa = PBXFileReference; lastKnownFileType = sourcecode.swift; path = AccountModel.swift; sourceTree = "<group>"; };
		520E853B29F7194B00EF10FF /* TextFieldInputCasingEnum.swift */ = {isa = PBXFileReference; lastKnownFileType = sourcecode.swift; path = TextFieldInputCasingEnum.swift; sourceTree = "<group>"; };
		520E854929F7358900EF10FF /* AuxAccountCreationViewController.swift */ = {isa = PBXFileReference; lastKnownFileType = sourcecode.swift; path = AuxAccountCreationViewController.swift; sourceTree = "<group>"; };
		520E854B29F73E8400EF10FF /* PersonalDataViewController.swift */ = {isa = PBXFileReference; lastKnownFileType = sourcecode.swift; path = PersonalDataViewController.swift; sourceTree = "<group>"; };
		520E854D29F7413000EF10FF /* LastStepViewController.swift */ = {isa = PBXFileReference; lastKnownFileType = sourcecode.swift; path = LastStepViewController.swift; sourceTree = "<group>"; };
		520E854F29F74D8500EF10FF /* LastStepViewModel.swift */ = {isa = PBXFileReference; lastKnownFileType = sourcecode.swift; path = LastStepViewModel.swift; sourceTree = "<group>"; };
		520E855129F74D9F00EF10FF /* AuxAccountCreationModel.swift */ = {isa = PBXFileReference; lastKnownFileType = sourcecode.swift; path = AuxAccountCreationModel.swift; sourceTree = "<group>"; };
		522AE73F29F06D580091AD6C /* CustomCalendarView.swift */ = {isa = PBXFileReference; lastKnownFileType = sourcecode.swift; path = CustomCalendarView.swift; sourceTree = "<group>"; };
		522AE74129F070720091AD6C /* Date+Extension.swift */ = {isa = PBXFileReference; lastKnownFileType = sourcecode.swift; path = "Date+Extension.swift"; sourceTree = "<group>"; };
		522AE74429F0716D0091AD6C /* CustomCalendarViewCell.swift */ = {isa = PBXFileReference; lastKnownFileType = sourcecode.swift; path = CustomCalendarViewCell.swift; sourceTree = "<group>"; };
		522AE74729F0729B0091AD6C /* CustomCalendarMonthModel.swift */ = {isa = PBXFileReference; lastKnownFileType = sourcecode.swift; path = CustomCalendarMonthModel.swift; sourceTree = "<group>"; };
		522AE74929F072AA0091AD6C /* CustomCalendarDayModel.swift */ = {isa = PBXFileReference; lastKnownFileType = sourcecode.swift; path = CustomCalendarDayModel.swift; sourceTree = "<group>"; };
		522AE74B29F072EC0091AD6C /* CustomCalendarCellStyleEnum.swift */ = {isa = PBXFileReference; lastKnownFileType = sourcecode.swift; path = CustomCalendarCellStyleEnum.swift; sourceTree = "<group>"; };
		522AE74D29F08E110091AD6C /* AccountCreationViewModel.swift */ = {isa = PBXFileReference; lastKnownFileType = sourcecode.swift; path = AccountCreationViewModel.swift; sourceTree = "<group>"; };
		522AE75129F090720091AD6C /* CustomObservable.swift */ = {isa = PBXFileReference; lastKnownFileType = sourcecode.swift; path = CustomObservable.swift; sourceTree = "<group>"; };
		522AE75429F0AABF0091AD6C /* CustomLoader.swift */ = {isa = PBXFileReference; lastKnownFileType = sourcecode.swift; path = CustomLoader.swift; sourceTree = "<group>"; };
		522AE75729F0C12E0091AD6C /* Font+Extension.swift */ = {isa = PBXFileReference; lastKnownFileType = sourcecode.swift; path = "Font+Extension.swift"; sourceTree = "<group>"; };
		522AE75929F0C6120091AD6C /* LICENSE.txt */ = {isa = PBXFileReference; fileEncoding = 4; lastKnownFileType = text; path = LICENSE.txt; sourceTree = "<group>"; };
		522AE75B29F0C61B0091AD6C /* Roboto-Italic.ttf */ = {isa = PBXFileReference; lastKnownFileType = file; path = "Roboto-Italic.ttf"; sourceTree = "<group>"; };
		522AE75D29F0C63D0091AD6C /* Roboto-Medium.ttf */ = {isa = PBXFileReference; lastKnownFileType = file; path = "Roboto-Medium.ttf"; sourceTree = "<group>"; };
		522AE75E29F0C63D0091AD6C /* Roboto-Regular.ttf */ = {isa = PBXFileReference; lastKnownFileType = file; path = "Roboto-Regular.ttf"; sourceTree = "<group>"; };
		522AE75F29F0C63D0091AD6C /* Roboto-Bold.ttf */ = {isa = PBXFileReference; lastKnownFileType = file; path = "Roboto-Bold.ttf"; sourceTree = "<group>"; };
		5235453A29E8BD05002BECAB /* AccountCreationViewController.swift */ = {isa = PBXFileReference; lastKnownFileType = sourcecode.swift; path = AccountCreationViewController.swift; sourceTree = "<group>"; };
		5235453F29E8C364002BECAB /* MainButton.swift */ = {isa = PBXFileReference; lastKnownFileType = sourcecode.swift; path = MainButton.swift; sourceTree = "<group>"; };
		5235454229E8DC99002BECAB /* AccountCreationPageViewController.swift */ = {isa = PBXFileReference; lastKnownFileType = sourcecode.swift; path = AccountCreationPageViewController.swift; sourceTree = "<group>"; };
		5235454429E8DCA9002BECAB /* PersonalDataPageViewController.swift */ = {isa = PBXFileReference; lastKnownFileType = sourcecode.swift; path = PersonalDataPageViewController.swift; sourceTree = "<group>"; };
		5235454629E8DCB9002BECAB /* LastStepPageViewController.swift */ = {isa = PBXFileReference; lastKnownFileType = sourcecode.swift; path = LastStepPageViewController.swift; sourceTree = "<group>"; };
		5261ECDD29EC92AA0086BA29 /* String+Extension.swift */ = {isa = PBXFileReference; lastKnownFileType = sourcecode.swift; path = "String+Extension.swift"; sourceTree = "<group>"; };
		526BEC4D29E9A39800554701 /* BottomTitleTextField.swift */ = {isa = PBXFileReference; lastKnownFileType = sourcecode.swift; path = BottomTitleTextField.swift; sourceTree = "<group>"; };
		526BEC4F29E9B53E00554701 /* LeftTitleTextField.swift */ = {isa = PBXFileReference; lastKnownFileType = sourcecode.swift; path = LeftTitleTextField.swift; sourceTree = "<group>"; };
		527DED2D29EA0C190083567F /* DatePickerTextField.swift */ = {isa = PBXFileReference; lastKnownFileType = sourcecode.swift; path = DatePickerTextField.swift; sourceTree = "<group>"; };
		527DED2F29EA15960083567F /* GenericPickerTextField.swift */ = {isa = PBXFileReference; lastKnownFileType = sourcecode.swift; path = GenericPickerTextField.swift; sourceTree = "<group>"; };
		5285705129EB459300213F47 /* UploadPhotoButton.swift */ = {isa = PBXFileReference; lastKnownFileType = sourcecode.swift; path = UploadPhotoButton.swift; sourceTree = "<group>"; };
		52E32B9729F19DE0006CAEF9 /* UIView+Extension.swift */ = {isa = PBXFileReference; lastKnownFileType = sourcecode.swift; path = "UIView+Extension.swift"; sourceTree = "<group>"; };
		52E32B9929F1B90C006CAEF9 /* TextFieldInputValidationEnum.swift */ = {isa = PBXFileReference; lastKnownFileType = sourcecode.swift; path = TextFieldInputValidationEnum.swift; sourceTree = "<group>"; };
		52E7CAA329F1F9A80039E921 /* AccountViewModel.swift */ = {isa = PBXFileReference; lastKnownFileType = sourcecode.swift; path = AccountViewModel.swift; sourceTree = "<group>"; };
		52E7CAA529F1FC9E0039E921 /* Account.swift */ = {isa = PBXFileReference; lastKnownFileType = sourcecode.swift; path = Account.swift; sourceTree = "<group>"; };
		52FA7ACF29F2EA0600225D10 /* CustomTabBarView.swift */ = {isa = PBXFileReference; lastKnownFileType = sourcecode.swift; path = CustomTabBarView.swift; sourceTree = "<group>"; };
		52FA7AD129F2EC8D00225D10 /* CustomTabButton.swift */ = {isa = PBXFileReference; lastKnownFileType = sourcecode.swift; path = CustomTabButton.swift; sourceTree = "<group>"; };
		52FA7AD429F2F14900225D10 /* CustomTabButtonModel.swift */ = {isa = PBXFileReference; lastKnownFileType = sourcecode.swift; path = CustomTabButtonModel.swift; sourceTree = "<group>"; };
		52FA7AD629F2F17300225D10 /* CustomTabButtonShadowStyleEnum.swift */ = {isa = PBXFileReference; lastKnownFileType = sourcecode.swift; path = CustomTabButtonShadowStyleEnum.swift; sourceTree = "<group>"; };
		52FA7AD829F2FFA200225D10 /* MainPagerViewController.swift */ = {isa = PBXFileReference; lastKnownFileType = sourcecode.swift; path = MainPagerViewController.swift; sourceTree = "<group>"; };
		52FA7ADB29F34B9300225D10 /* DeviceSize.swift */ = {isa = PBXFileReference; lastKnownFileType = sourcecode.swift; path = DeviceSize.swift; sourceTree = "<group>"; };
		52FA7AE129F34E6000225D10 /* Dimensions.swift */ = {isa = PBXFileReference; lastKnownFileType = sourcecode.swift; path = Dimensions.swift; sourceTree = "<group>"; };
		52FE749329EE095B00823646 /* GoogleService-Info.plist */ = {isa = PBXFileReference; fileEncoding = 4; lastKnownFileType = text.plist.xml; path = "GoogleService-Info.plist"; sourceTree = "<group>"; };
		52FE749629EE0D9000823646 /* FirebaseManager.swift */ = {isa = PBXFileReference; lastKnownFileType = sourcecode.swift; path = FirebaseManager.swift; sourceTree = "<group>"; };
		628A8856299AD299009F30E6 /* Asistencia Bancoppel.app */ = {isa = PBXFileReference; explicitFileType = wrapper.application; includeInIndex = 0; path = "Asistencia Bancoppel.app"; sourceTree = BUILT_PRODUCTS_DIR; };
		628A8859299AD299009F30E6 /* AppDelegate.swift */ = {isa = PBXFileReference; lastKnownFileType = sourcecode.swift; path = AppDelegate.swift; sourceTree = "<group>"; };
		628A885D299AD299009F30E6 /* SplashViewController.swift */ = {isa = PBXFileReference; lastKnownFileType = sourcecode.swift; path = SplashViewController.swift; sourceTree = "<group>"; };
		628A8862299AD2A5009F30E6 /* Assets.xcassets */ = {isa = PBXFileReference; lastKnownFileType = folder.assetcatalog; path = Assets.xcassets; sourceTree = "<group>"; };
		628A8865299AD2A5009F30E6 /* Base */ = {isa = PBXFileReference; lastKnownFileType = file.storyboard; name = Base; path = Base.lproj/LaunchScreen.storyboard; sourceTree = "<group>"; };
		628A8867299AD2A5009F30E6 /* Info.plist */ = {isa = PBXFileReference; lastKnownFileType = text.plist.xml; path = Info.plist; sourceTree = "<group>"; };
		6FBFE467F8260B5A059674F8 /* Pods-Asistencia Bancoppel.debug.xcconfig */ = {isa = PBXFileReference; includeInIndex = 1; lastKnownFileType = text.xcconfig; name = "Pods-Asistencia Bancoppel.debug.xcconfig"; path = "Target Support Files/Pods-Asistencia Bancoppel/Pods-Asistencia Bancoppel.debug.xcconfig"; sourceTree = "<group>"; };
		9BBA737F74520312CC1DF34F /* Pods_Asistencia_Bancoppel.framework */ = {isa = PBXFileReference; explicitFileType = wrapper.framework; includeInIndex = 0; path = Pods_Asistencia_Bancoppel.framework; sourceTree = BUILT_PRODUCTS_DIR; };
		EFD35F593DA0C456EB25DDD6 /* Pods-Asistencia Bancoppel.release.xcconfig */ = {isa = PBXFileReference; includeInIndex = 1; lastKnownFileType = text.xcconfig; name = "Pods-Asistencia Bancoppel.release.xcconfig"; path = "Target Support Files/Pods-Asistencia Bancoppel/Pods-Asistencia Bancoppel.release.xcconfig"; sourceTree = "<group>"; };
		FA3BC0D629EDD5000024FEE0 /* LoginViewController.swift */ = {isa = PBXFileReference; lastKnownFileType = sourcecode.swift; path = LoginViewController.swift; sourceTree = "<group>"; };
		FA3BC0D929EDD54E0024FEE0 /* LoginBackgroundView.swift */ = {isa = PBXFileReference; lastKnownFileType = sourcecode.swift; path = LoginBackgroundView.swift; sourceTree = "<group>"; };
		FA3BC0DD29EDD6460024FEE0 /* GardientBackgroundView.swift */ = {isa = PBXFileReference; lastKnownFileType = sourcecode.swift; path = GardientBackgroundView.swift; sourceTree = "<group>"; };
		FA56BC6629F0DF05004CE981 /* LoginViewModel.swift */ = {isa = PBXFileReference; lastKnownFileType = sourcecode.swift; path = LoginViewModel.swift; sourceTree = "<group>"; };
		FA56BC6A29F10039004CE981 /* LoginModel.swift */ = {isa = PBXFileReference; lastKnownFileType = sourcecode.swift; path = LoginModel.swift; sourceTree = "<group>"; };
/* End PBXFileReference section */

/* Begin PBXFrameworksBuildPhase section */
		628A8853299AD299009F30E6 /* Frameworks */ = {
			isa = PBXFrameworksBuildPhase;
			buildActionMask = 2147483647;
			files = (
				79BB907CC54C3785D90AEA89 /* Pods_Asistencia_Bancoppel.framework in Frameworks */,
			);
			runOnlyForDeploymentPostprocessing = 0;
		};
/* End PBXFrameworksBuildPhase section */

/* Begin PBXGroup section */
		3F439A2229A92E5F00F9CA1D /* Resources */ = {
			isa = PBXGroup;
			children = (
				522AE75629F0C1140091AD6C /* Fonts */,
				628A8862299AD2A5009F30E6 /* Assets.xcassets */,
				3F439A2329A935D200F9CA1D /* Colors.xcassets */,
			);
			path = Resources;
			sourceTree = "<group>";
		};
		3F439A2529A937F300F9CA1D /* Application */ = {
			isa = PBXGroup;
			children = (
				628A886D299AD407009F30E6 /* SplashView */,
				628A8859299AD299009F30E6 /* AppDelegate.swift */,
				628A8864299AD2A5009F30E6 /* LaunchScreen.storyboard */,
			);
			path = Application;
			sourceTree = "<group>";
		};
		3F439A2629A93D4C00F9CA1D /* Utils */ = {
			isa = PBXGroup;
			children = (
				52FA7ADA29F34B5E00225D10 /* Dimensions */,
				52FE749529EE0D8500823646 /* Singletons */,
				5235453C29E8C29C002BECAB /* Components */,
				3F439A2D29A9434200F9CA1D /* Extensions */,
				3F439A2829A93DA900F9CA1D /* GlobalConstants.swift */,
				522AE75129F090720091AD6C /* CustomObservable.swift */,
			);
			path = Utils;
			sourceTree = "<group>";
		};
		3F439A2D29A9434200F9CA1D /* Extensions */ = {
			isa = PBXGroup;
			children = (
				3F439A2E29A9435300F9CA1D /* UIViewController+Extensions.swift */,
				5261ECDD29EC92AA0086BA29 /* String+Extension.swift */,
				522AE74129F070720091AD6C /* Date+Extension.swift */,
				522AE75729F0C12E0091AD6C /* Font+Extension.swift */,
				52E32B9729F19DE0006CAEF9 /* UIView+Extension.swift */,
			);
			path = Extensions;
			sourceTree = "<group>";
		};
		3F439A3029A945AC00F9CA1D /* Modules */ = {
			isa = PBXGroup;
			children = (
				52FA7ACC29F2E75300225D10 /* MainPager */,
				5235453629E8BCC3002BECAB /* AccountCreation */,
				FA3BC0D529EDD4DB0024FEE0 /* loginModule */,
				3F439A3129A945E800F9CA1D /* AccountHome */,
			);
			path = Modules;
			sourceTree = "<group>";
		};
		3F439A3129A945E800F9CA1D /* AccountHome */ = {
			isa = PBXGroup;
			children = (
				52E7CAA229F1F9910039E921 /* ViewModel */,
				3F439A3829A9494B00F9CA1D /* Model */,
				3F439A3229A9461000F9CA1D /* View */,
			);
			path = AccountHome;
			sourceTree = "<group>";
		};
		3F439A3229A9461000F9CA1D /* View */ = {
			isa = PBXGroup;
			children = (
				3F439A3529A946C100F9CA1D /* Cell */,
				3F439A3329A9464100F9CA1D /* AccountHomeViewController.swift */,
			);
			path = View;
			sourceTree = "<group>";
		};
		3F439A3529A946C100F9CA1D /* Cell */ = {
			isa = PBXGroup;
			children = (
				3F439A3629A946FF00F9CA1D /* AccountCell.swift */,
			);
			path = Cell;
			sourceTree = "<group>";
		};
		3F439A3829A9494B00F9CA1D /* Model */ = {
			isa = PBXGroup;
			children = (
				3F439A3A29A9497300F9CA1D /* AccountModel.swift */,
				52E7CAA529F1FC9E0039E921 /* Account.swift */,
			);
			path = Model;
			sourceTree = "<group>";
		};
		520E853D29F7351F00EF10FF /* AccountCreation */ = {
			isa = PBXGroup;
			children = (
				520E854229F7355600EF10FF /* ViewModel */,
				520E854129F7355000EF10FF /* Model */,
				520E854029F7354B00EF10FF /* View */,
			);
			path = AccountCreation;
			sourceTree = "<group>";
		};
		520E853E29F7352A00EF10FF /* PersonalData */ = {
			isa = PBXGroup;
			children = (
				520E854529F7356700EF10FF /* View */,
				520E854429F7356300EF10FF /* Model */,
				520E854329F7355D00EF10FF /* ViewModel */,
			);
			path = PersonalData;
			sourceTree = "<group>";
		};
		520E853F29F7353300EF10FF /* LastStep */ = {
			isa = PBXGroup;
			children = (
				520E854829F7357400EF10FF /* ViewModel */,
				520E854729F7356F00EF10FF /* Model */,
				520E854629F7356B00EF10FF /* View */,
			);
			path = LastStep;
			sourceTree = "<group>";
		};
		520E854029F7354B00EF10FF /* View */ = {
			isa = PBXGroup;
			children = (
				520E854929F7358900EF10FF /* AuxAccountCreationViewController.swift */,
			);
			path = View;
			sourceTree = "<group>";
		};
		520E854129F7355000EF10FF /* Model */ = {
			isa = PBXGroup;
			children = (
				520E855129F74D9F00EF10FF /* AuxAccountCreationModel.swift */,
			);
			name = Model;
			path = "Modeñ";
			sourceTree = "<group>";
		};
		520E854229F7355600EF10FF /* ViewModel */ = {
			isa = PBXGroup;
			children = (
			);
			path = ViewModel;
			sourceTree = "<group>";
		};
		520E854329F7355D00EF10FF /* ViewModel */ = {
			isa = PBXGroup;
			children = (
			);
			path = ViewModel;
			sourceTree = "<group>";
		};
		520E854429F7356300EF10FF /* Model */ = {
			isa = PBXGroup;
			children = (
			);
			path = Model;
			sourceTree = "<group>";
		};
		520E854529F7356700EF10FF /* View */ = {
			isa = PBXGroup;
			children = (
				520E854B29F73E8400EF10FF /* PersonalDataViewController.swift */,
			);
			path = View;
			sourceTree = "<group>";
		};
		520E854629F7356B00EF10FF /* View */ = {
			isa = PBXGroup;
			children = (
				520E854D29F7413000EF10FF /* LastStepViewController.swift */,
			);
			path = View;
			sourceTree = "<group>";
		};
		520E854729F7356F00EF10FF /* Model */ = {
			isa = PBXGroup;
			children = (
			);
			path = Model;
			sourceTree = "<group>";
		};
		520E854829F7357400EF10FF /* ViewModel */ = {
			isa = PBXGroup;
			children = (
				520E854F29F74D8500EF10FF /* LastStepViewModel.swift */,
			);
			path = ViewModel;
			sourceTree = "<group>";
		};
		522AE73E29F06D3A0091AD6C /* Calendar */ = {
			isa = PBXGroup;
			children = (
				522AE73F29F06D580091AD6C /* CustomCalendarView.swift */,
				522AE74629F072810091AD6C /* Models */,
				522AE74329F071580091AD6C /* Cells */,
			);
			path = Calendar;
			sourceTree = "<group>";
		};
		522AE74329F071580091AD6C /* Cells */ = {
			isa = PBXGroup;
			children = (
				522AE74429F0716D0091AD6C /* CustomCalendarViewCell.swift */,
			);
			path = Cells;
			sourceTree = "<group>";
		};
		522AE74629F072810091AD6C /* Models */ = {
			isa = PBXGroup;
			children = (
				522AE74729F0729B0091AD6C /* CustomCalendarMonthModel.swift */,
				522AE74929F072AA0091AD6C /* CustomCalendarDayModel.swift */,
				522AE74B29F072EC0091AD6C /* CustomCalendarCellStyleEnum.swift */,
			);
			path = Models;
			sourceTree = "<group>";
		};
		522AE75329F0A9F50091AD6C /* Loaders */ = {
			isa = PBXGroup;
			children = (
				522AE75429F0AABF0091AD6C /* CustomLoader.swift */,
			);
			path = Loaders;
			sourceTree = "<group>";
		};
		522AE75629F0C1140091AD6C /* Fonts */ = {
			isa = PBXGroup;
			children = (
				522AE75F29F0C63D0091AD6C /* Roboto-Bold.ttf */,
				522AE75D29F0C63D0091AD6C /* Roboto-Medium.ttf */,
				522AE75E29F0C63D0091AD6C /* Roboto-Regular.ttf */,
				522AE75B29F0C61B0091AD6C /* Roboto-Italic.ttf */,
				522AE75929F0C6120091AD6C /* LICENSE.txt */,
			);
			path = Fonts;
			sourceTree = "<group>";
		};
		5235453629E8BCC3002BECAB /* AccountCreation */ = {
			isa = PBXGroup;
			children = (
				520E853D29F7351F00EF10FF /* AccountCreation */,
				520E853E29F7352A00EF10FF /* PersonalData */,
				520E853F29F7353300EF10FF /* LastStep */,
				5235453929E8BCDF002BECAB /* ViewModel */,
				5235453829E8BCDB002BECAB /* Model */,
				5235453729E8BCD6002BECAB /* View */,
			);
			path = AccountCreation;
			sourceTree = "<group>";
		};
		5235453729E8BCD6002BECAB /* View */ = {
			isa = PBXGroup;
			children = (
				5235454129E8DC68002BECAB /* Pages */,
				5235453A29E8BD05002BECAB /* AccountCreationViewController.swift */,
			);
			path = View;
			sourceTree = "<group>";
		};
		5235453829E8BCDB002BECAB /* Model */ = {
			isa = PBXGroup;
			children = (
			);
			path = Model;
			sourceTree = "<group>";
		};
		5235453929E8BCDF002BECAB /* ViewModel */ = {
			isa = PBXGroup;
			children = (
				522AE74D29F08E110091AD6C /* AccountCreationViewModel.swift */,
			);
			path = ViewModel;
			sourceTree = "<group>";
		};
		5235453C29E8C29C002BECAB /* Components */ = {
			isa = PBXGroup;
			children = (
				52FA7ACD29F2E93800225D10 /* TabBars */,
				522AE75329F0A9F50091AD6C /* Loaders */,
				522AE73E29F06D3A0091AD6C /* Calendar */,
				526BEC4C29E9A23F00554701 /* TextFields */,
				5235453D29E8C2A2002BECAB /* Buttons */,
			);
			path = Components;
			sourceTree = "<group>";
		};
		5235453D29E8C2A2002BECAB /* Buttons */ = {
			isa = PBXGroup;
			children = (
				5285705029EB458500213F47 /* UploadPhotoButton */,
				5235453E29E8C32C002BECAB /* MainButton */,
			);
			path = Buttons;
			sourceTree = "<group>";
		};
		5235453E29E8C32C002BECAB /* MainButton */ = {
			isa = PBXGroup;
			children = (
				5235453F29E8C364002BECAB /* MainButton.swift */,
			);
			path = MainButton;
			sourceTree = "<group>";
		};
		5235454129E8DC68002BECAB /* Pages */ = {
			isa = PBXGroup;
			children = (
				5235454229E8DC99002BECAB /* AccountCreationPageViewController.swift */,
				5235454429E8DCA9002BECAB /* PersonalDataPageViewController.swift */,
				5235454629E8DCB9002BECAB /* LastStepPageViewController.swift */,
			);
			path = Pages;
			sourceTree = "<group>";
		};
		526BEC4C29E9A23F00554701 /* TextFields */ = {
			isa = PBXGroup;
			children = (
				526BEC4D29E9A39800554701 /* BottomTitleTextField.swift */,
				526BEC4F29E9B53E00554701 /* LeftTitleTextField.swift */,
				527DED2D29EA0C190083567F /* DatePickerTextField.swift */,
				527DED2F29EA15960083567F /* GenericPickerTextField.swift */,
				52E32B9929F1B90C006CAEF9 /* TextFieldInputValidationEnum.swift */,
				520E853B29F7194B00EF10FF /* TextFieldInputCasingEnum.swift */,
			);
			path = TextFields;
			sourceTree = "<group>";
		};
		5285705029EB458500213F47 /* UploadPhotoButton */ = {
			isa = PBXGroup;
			children = (
				5285705129EB459300213F47 /* UploadPhotoButton.swift */,
			);
			path = UploadPhotoButton;
			sourceTree = "<group>";
		};
		52E7CAA229F1F9910039E921 /* ViewModel */ = {
			isa = PBXGroup;
			children = (
				52E7CAA329F1F9A80039E921 /* AccountViewModel.swift */,
			);
			path = ViewModel;
			sourceTree = "<group>";
		};
		52FA7ACC29F2E75300225D10 /* MainPager */ = {
			isa = PBXGroup;
			children = (
				52FA7AD829F2FFA200225D10 /* MainPagerViewController.swift */,
			);
			path = MainPager;
			sourceTree = "<group>";
		};
		52FA7ACD29F2E93800225D10 /* TabBars */ = {
			isa = PBXGroup;
			children = (
				52FA7ACE29F2E96400225D10 /* CustomTabBar */,
			);
			path = TabBars;
			sourceTree = "<group>";
		};
		52FA7ACE29F2E96400225D10 /* CustomTabBar */ = {
			isa = PBXGroup;
			children = (
				52FA7AD329F2F13100225D10 /* Models */,
				52FA7ACF29F2EA0600225D10 /* CustomTabBarView.swift */,
				52FA7AD129F2EC8D00225D10 /* CustomTabButton.swift */,
			);
			path = CustomTabBar;
			sourceTree = "<group>";
		};
		52FA7AD329F2F13100225D10 /* Models */ = {
			isa = PBXGroup;
			children = (
				52FA7AD429F2F14900225D10 /* CustomTabButtonModel.swift */,
				52FA7AD629F2F17300225D10 /* CustomTabButtonShadowStyleEnum.swift */,
			);
			path = Models;
			sourceTree = "<group>";
		};
		52FA7ADA29F34B5E00225D10 /* Dimensions */ = {
			isa = PBXGroup;
			children = (
				52FA7ADB29F34B9300225D10 /* DeviceSize.swift */,
				52FA7AE129F34E6000225D10 /* Dimensions.swift */,
			);
			path = Dimensions;
			sourceTree = "<group>";
		};
		52FE749529EE0D8500823646 /* Singletons */ = {
			isa = PBXGroup;
			children = (
				52FE749629EE0D9000823646 /* FirebaseManager.swift */,
			);
			path = Singletons;
			sourceTree = "<group>";
		};
		628A884D299AD299009F30E6 = {
			isa = PBXGroup;
			children = (
				628A8858299AD299009F30E6 /* Asistencia Bancoppel */,
				628A8857299AD299009F30E6 /* Products */,
				AC88B75B3805DB66DECDA549 /* Pods */,
				C797494D94F0D678EFA87046 /* Frameworks */,
			);
			sourceTree = "<group>";
		};
		628A8857299AD299009F30E6 /* Products */ = {
			isa = PBXGroup;
			children = (
				628A8856299AD299009F30E6 /* Asistencia Bancoppel.app */,
			);
			name = Products;
			sourceTree = "<group>";
		};
		628A8858299AD299009F30E6 /* Asistencia Bancoppel */ = {
			isa = PBXGroup;
			children = (
				3F439A2529A937F300F9CA1D /* Application */,
				52FE749329EE095B00823646 /* GoogleService-Info.plist */,
				628A8867299AD2A5009F30E6 /* Info.plist */,
				3F439A3029A945AC00F9CA1D /* Modules */,
				3F439A2229A92E5F00F9CA1D /* Resources */,
				3F439A2629A93D4C00F9CA1D /* Utils */,
			);
			path = "Asistencia Bancoppel";
			sourceTree = "<group>";
		};
		628A886D299AD407009F30E6 /* SplashView */ = {
			isa = PBXGroup;
			children = (
				628A885D299AD299009F30E6 /* SplashViewController.swift */,
				FA3BC0DD29EDD6460024FEE0 /* GardientBackgroundView.swift */,
			);
			path = SplashView;
			sourceTree = "<group>";
		};
		AC88B75B3805DB66DECDA549 /* Pods */ = {
			isa = PBXGroup;
			children = (
				6FBFE467F8260B5A059674F8 /* Pods-Asistencia Bancoppel.debug.xcconfig */,
				EFD35F593DA0C456EB25DDD6 /* Pods-Asistencia Bancoppel.release.xcconfig */,
			);
			path = Pods;
			sourceTree = "<group>";
		};
		C797494D94F0D678EFA87046 /* Frameworks */ = {
			isa = PBXGroup;
			children = (
				9BBA737F74520312CC1DF34F /* Pods_Asistencia_Bancoppel.framework */,
			);
			name = Frameworks;
			sourceTree = "<group>";
		};
		FA3BC0D529EDD4DB0024FEE0 /* loginModule */ = {
			isa = PBXGroup;
			children = (
				FA3BC0DC29EDD5CD0024FEE0 /* ViewModel */,
				FA3BC0DB29EDD5BE0024FEE0 /* Model */,
				FA3BC0D829EDD5350024FEE0 /* View */,
			);
			path = loginModule;
			sourceTree = "<group>";
		};
		FA3BC0D829EDD5350024FEE0 /* View */ = {
			isa = PBXGroup;
			children = (
				FA3BC0D629EDD5000024FEE0 /* LoginViewController.swift */,
				FA3BC0D929EDD54E0024FEE0 /* LoginBackgroundView.swift */,
			);
			path = View;
			sourceTree = "<group>";
		};
		FA3BC0DB29EDD5BE0024FEE0 /* Model */ = {
			isa = PBXGroup;
			children = (
				FA56BC6A29F10039004CE981 /* LoginModel.swift */,
			);
			path = Model;
			sourceTree = "<group>";
		};
		FA3BC0DC29EDD5CD0024FEE0 /* ViewModel */ = {
			isa = PBXGroup;
			children = (
				FA56BC6629F0DF05004CE981 /* LoginViewModel.swift */,
			);
			path = ViewModel;
			sourceTree = "<group>";
		};
/* End PBXGroup section */

/* Begin PBXNativeTarget section */
		628A8855299AD299009F30E6 /* Asistencia Bancoppel */ = {
			isa = PBXNativeTarget;
			buildConfigurationList = 628A886A299AD2A5009F30E6 /* Build configuration list for PBXNativeTarget "Asistencia Bancoppel" */;
			buildPhases = (
				1BF6915497ED50505B47BB4C /* [CP] Check Pods Manifest.lock */,
				628A8852299AD299009F30E6 /* Sources */,
				628A8853299AD299009F30E6 /* Frameworks */,
				628A8854299AD299009F30E6 /* Resources */,
				638AE8A27D476DC5C8332150 /* [CP] Embed Pods Frameworks */,
			);
			buildRules = (
			);
			dependencies = (
			);
			name = "Asistencia Bancoppel";
			productName = "Asistencia Bancoppel";
			productReference = 628A8856299AD299009F30E6 /* Asistencia Bancoppel.app */;
			productType = "com.apple.product-type.application";
		};
/* End PBXNativeTarget section */

/* Begin PBXProject section */
		628A884E299AD299009F30E6 /* Project object */ = {
			isa = PBXProject;
			attributes = {
				BuildIndependentTargetsInParallel = 1;
				LastSwiftUpdateCheck = 1420;
				LastUpgradeCheck = 1420;
				TargetAttributes = {
					628A8855299AD299009F30E6 = {
						CreatedOnToolsVersion = 14.2;
					};
				};
			};
			buildConfigurationList = 628A8851299AD299009F30E6 /* Build configuration list for PBXProject "Asistencia Bancoppel" */;
			compatibilityVersion = "Xcode 14.0";
			developmentRegion = en;
			hasScannedForEncodings = 0;
			knownRegions = (
				en,
				Base,
			);
			mainGroup = 628A884D299AD299009F30E6;
			productRefGroup = 628A8857299AD299009F30E6 /* Products */;
			projectDirPath = "";
			projectRoot = "";
			targets = (
				628A8855299AD299009F30E6 /* Asistencia Bancoppel */,
			);
		};
/* End PBXProject section */

/* Begin PBXResourcesBuildPhase section */
		628A8854299AD299009F30E6 /* Resources */ = {
			isa = PBXResourcesBuildPhase;
			buildActionMask = 2147483647;
			files = (
				3F439A2429A935D200F9CA1D /* Colors.xcassets in Resources */,
				522AE75C29F0C61C0091AD6C /* Roboto-Italic.ttf in Resources */,
				522AE76129F0C63D0091AD6C /* Roboto-Regular.ttf in Resources */,
				52FE749429EE095B00823646 /* GoogleService-Info.plist in Resources */,
				522AE76029F0C63D0091AD6C /* Roboto-Medium.ttf in Resources */,
				522AE76229F0C63D0091AD6C /* Roboto-Bold.ttf in Resources */,
				628A8866299AD2A5009F30E6 /* LaunchScreen.storyboard in Resources */,
				522AE75A29F0C6120091AD6C /* LICENSE.txt in Resources */,
				628A8863299AD2A5009F30E6 /* Assets.xcassets in Resources */,
			);
			runOnlyForDeploymentPostprocessing = 0;
		};
/* End PBXResourcesBuildPhase section */

/* Begin PBXShellScriptBuildPhase section */
		1BF6915497ED50505B47BB4C /* [CP] Check Pods Manifest.lock */ = {
			isa = PBXShellScriptBuildPhase;
			buildActionMask = 2147483647;
			files = (
			);
			inputFileListPaths = (
			);
			inputPaths = (
				"${PODS_PODFILE_DIR_PATH}/Podfile.lock",
				"${PODS_ROOT}/Manifest.lock",
			);
			name = "[CP] Check Pods Manifest.lock";
			outputFileListPaths = (
			);
			outputPaths = (
				"$(DERIVED_FILE_DIR)/Pods-Asistencia Bancoppel-checkManifestLockResult.txt",
			);
			runOnlyForDeploymentPostprocessing = 0;
			shellPath = /bin/sh;
			shellScript = "diff \"${PODS_PODFILE_DIR_PATH}/Podfile.lock\" \"${PODS_ROOT}/Manifest.lock\" > /dev/null\nif [ $? != 0 ] ; then\n    # print error to STDERR\n    echo \"error: The sandbox is not in sync with the Podfile.lock. Run 'pod install' or update your CocoaPods installation.\" >&2\n    exit 1\nfi\n# This output is used by Xcode 'outputs' to avoid re-running this script phase.\necho \"SUCCESS\" > \"${SCRIPT_OUTPUT_FILE_0}\"\n";
			showEnvVarsInLog = 0;
		};
		638AE8A27D476DC5C8332150 /* [CP] Embed Pods Frameworks */ = {
			isa = PBXShellScriptBuildPhase;
			buildActionMask = 2147483647;
			files = (
			);
			inputFileListPaths = (
				"${PODS_ROOT}/Target Support Files/Pods-Asistencia Bancoppel/Pods-Asistencia Bancoppel-frameworks-${CONFIGURATION}-input-files.xcfilelist",
			);
			name = "[CP] Embed Pods Frameworks";
			outputFileListPaths = (
				"${PODS_ROOT}/Target Support Files/Pods-Asistencia Bancoppel/Pods-Asistencia Bancoppel-frameworks-${CONFIGURATION}-output-files.xcfilelist",
			);
			runOnlyForDeploymentPostprocessing = 0;
			shellPath = /bin/sh;
			shellScript = "\"${PODS_ROOT}/Target Support Files/Pods-Asistencia Bancoppel/Pods-Asistencia Bancoppel-frameworks.sh\"\n";
			showEnvVarsInLog = 0;
		};
/* End PBXShellScriptBuildPhase section */

/* Begin PBXSourcesBuildPhase section */
		628A8852299AD299009F30E6 /* Sources */ = {
			isa = PBXSourcesBuildPhase;
			buildActionMask = 2147483647;
			files = (
				520E854C29F73E8400EF10FF /* PersonalDataViewController.swift in Sources */,
				52FA7ADC29F34B9300225D10 /* DeviceSize.swift in Sources */,
				5235454329E8DC99002BECAB /* AccountCreationPageViewController.swift in Sources */,
				527DED3029EA15960083567F /* GenericPickerTextField.swift in Sources */,
				52E32B9A29F1B90C006CAEF9 /* TextFieldInputValidationEnum.swift in Sources */,
				628A885E299AD299009F30E6 /* SplashViewController.swift in Sources */,
				52FA7AD729F2F17300225D10 /* CustomTabButtonShadowStyleEnum.swift in Sources */,
				526BEC4E29E9A39800554701 /* BottomTitleTextField.swift in Sources */,
				520E854A29F7358900EF10FF /* AuxAccountCreationViewController.swift in Sources */,
				52FA7AD529F2F14900225D10 /* CustomTabButtonModel.swift in Sources */,
				52FA7AE229F34E6000225D10 /* Dimensions.swift in Sources */,
				522AE74029F06D580091AD6C /* CustomCalendarView.swift in Sources */,
				5285705229EB459300213F47 /* UploadPhotoButton.swift in Sources */,
				FA3BC0DA29EDD54E0024FEE0 /* LoginBackgroundView.swift in Sources */,
				3F439A3729A946FF00F9CA1D /* AccountCell.swift in Sources */,
				FA56BC6729F0DF05004CE981 /* LoginViewModel.swift in Sources */,
				527DED2E29EA0C190083567F /* DatePickerTextField.swift in Sources */,
				520E854E29F7413000EF10FF /* LastStepViewController.swift in Sources */,
				5235454529E8DCA9002BECAB /* PersonalDataPageViewController.swift in Sources */,
				52E7CAA629F1FC9E0039E921 /* Account.swift in Sources */,
				5261ECDE29EC92AA0086BA29 /* String+Extension.swift in Sources */,
				FA3BC0DE29EDD6460024FEE0 /* GardientBackgroundView.swift in Sources */,
				52FE749729EE0D9000823646 /* FirebaseManager.swift in Sources */,
				522AE74A29F072AA0091AD6C /* CustomCalendarDayModel.swift in Sources */,
				52E32B9829F19DE0006CAEF9 /* UIView+Extension.swift in Sources */,
				628A885A299AD299009F30E6 /* AppDelegate.swift in Sources */,
				52FA7AD929F2FFA200225D10 /* MainPagerViewController.swift in Sources */,
				52FA7AD029F2EA0600225D10 /* CustomTabBarView.swift in Sources */,
				520E855229F74D9F00EF10FF /* AuxAccountCreationModel.swift in Sources */,
				522AE75529F0AABF0091AD6C /* CustomLoader.swift in Sources */,
				522AE74E29F08E110091AD6C /* AccountCreationViewModel.swift in Sources */,
				522AE74229F070720091AD6C /* Date+Extension.swift in Sources */,
				3F439A3429A9464100F9CA1D /* AccountHomeViewController.swift in Sources */,
				3F439A3B29A9497300F9CA1D /* AccountModel.swift in Sources */,
				520E853C29F7194B00EF10FF /* TextFieldInputCasingEnum.swift in Sources */,
				526BEC5029E9B53E00554701 /* LeftTitleTextField.swift in Sources */,
				520E855029F74D8500EF10FF /* LastStepViewModel.swift in Sources */,
				52E7CAA429F1F9A80039E921 /* AccountViewModel.swift in Sources */,
				5235454729E8DCB9002BECAB /* LastStepPageViewController.swift in Sources */,
				3F439A2929A93DA900F9CA1D /* GlobalConstants.swift in Sources */,
				5235454029E8C364002BECAB /* MainButton.swift in Sources */,
				522AE75829F0C12E0091AD6C /* Font+Extension.swift in Sources */,
				5235453B29E8BD05002BECAB /* AccountCreationViewController.swift in Sources */,
				3F439A2F29A9435300F9CA1D /* UIViewController+Extensions.swift in Sources */,
				52FA7AD229F2EC8D00225D10 /* CustomTabButton.swift in Sources */,
				FA3BC0D729EDD5000024FEE0 /* LoginViewController.swift in Sources */,
				522AE74829F0729B0091AD6C /* CustomCalendarMonthModel.swift in Sources */,
				FA56BC6B29F10039004CE981 /* LoginModel.swift in Sources */,
				522AE74C29F072EC0091AD6C /* CustomCalendarCellStyleEnum.swift in Sources */,
				522AE74529F0716D0091AD6C /* CustomCalendarViewCell.swift in Sources */,
				522AE75229F090720091AD6C /* CustomObservable.swift in Sources */,
			);
			runOnlyForDeploymentPostprocessing = 0;
		};
/* End PBXSourcesBuildPhase section */

/* Begin PBXVariantGroup section */
		628A8864299AD2A5009F30E6 /* LaunchScreen.storyboard */ = {
			isa = PBXVariantGroup;
			children = (
				628A8865299AD2A5009F30E6 /* Base */,
			);
			name = LaunchScreen.storyboard;
			sourceTree = "<group>";
		};
/* End PBXVariantGroup section */

/* Begin XCBuildConfiguration section */
		628A8868299AD2A5009F30E6 /* Debug */ = {
			isa = XCBuildConfiguration;
			buildSettings = {
				ALWAYS_SEARCH_USER_PATHS = NO;
				CLANG_ANALYZER_NONNULL = YES;
				CLANG_ANALYZER_NUMBER_OBJECT_CONVERSION = YES_AGGRESSIVE;
				CLANG_CXX_LANGUAGE_STANDARD = "gnu++20";
				CLANG_ENABLE_MODULES = YES;
				CLANG_ENABLE_OBJC_ARC = YES;
				CLANG_ENABLE_OBJC_WEAK = YES;
				CLANG_WARN_BLOCK_CAPTURE_AUTORELEASING = YES;
				CLANG_WARN_BOOL_CONVERSION = YES;
				CLANG_WARN_COMMA = YES;
				CLANG_WARN_CONSTANT_CONVERSION = YES;
				CLANG_WARN_DEPRECATED_OBJC_IMPLEMENTATIONS = YES;
				CLANG_WARN_DIRECT_OBJC_ISA_USAGE = YES_ERROR;
				CLANG_WARN_DOCUMENTATION_COMMENTS = YES;
				CLANG_WARN_EMPTY_BODY = YES;
				CLANG_WARN_ENUM_CONVERSION = YES;
				CLANG_WARN_INFINITE_RECURSION = YES;
				CLANG_WARN_INT_CONVERSION = YES;
				CLANG_WARN_NON_LITERAL_NULL_CONVERSION = YES;
				CLANG_WARN_OBJC_IMPLICIT_RETAIN_SELF = YES;
				CLANG_WARN_OBJC_LITERAL_CONVERSION = YES;
				CLANG_WARN_OBJC_ROOT_CLASS = YES_ERROR;
				CLANG_WARN_QUOTED_INCLUDE_IN_FRAMEWORK_HEADER = YES;
				CLANG_WARN_RANGE_LOOP_ANALYSIS = YES;
				CLANG_WARN_STRICT_PROTOTYPES = YES;
				CLANG_WARN_SUSPICIOUS_MOVE = YES;
				CLANG_WARN_UNGUARDED_AVAILABILITY = YES_AGGRESSIVE;
				CLANG_WARN_UNREACHABLE_CODE = YES;
				CLANG_WARN__DUPLICATE_METHOD_MATCH = YES;
				COPY_PHASE_STRIP = NO;
				DEBUG_INFORMATION_FORMAT = dwarf;
				ENABLE_STRICT_OBJC_MSGSEND = YES;
				ENABLE_TESTABILITY = YES;
				GCC_C_LANGUAGE_STANDARD = gnu11;
				GCC_DYNAMIC_NO_PIC = NO;
				GCC_NO_COMMON_BLOCKS = YES;
				GCC_OPTIMIZATION_LEVEL = 0;
				GCC_PREPROCESSOR_DEFINITIONS = (
					"DEBUG=1",
					"$(inherited)",
				);
				GCC_WARN_64_TO_32_BIT_CONVERSION = YES;
				GCC_WARN_ABOUT_RETURN_TYPE = YES_ERROR;
				GCC_WARN_UNDECLARED_SELECTOR = YES;
				GCC_WARN_UNINITIALIZED_AUTOS = YES_AGGRESSIVE;
				GCC_WARN_UNUSED_FUNCTION = YES;
				GCC_WARN_UNUSED_VARIABLE = YES;
				IPHONEOS_DEPLOYMENT_TARGET = 11.0;
				MTL_ENABLE_DEBUG_INFO = INCLUDE_SOURCE;
				MTL_FAST_MATH = YES;
				ONLY_ACTIVE_ARCH = YES;
				SDKROOT = iphoneos;
				SWIFT_ACTIVE_COMPILATION_CONDITIONS = DEBUG;
				SWIFT_OPTIMIZATION_LEVEL = "-Onone";
			};
			name = Debug;
		};
		628A8869299AD2A5009F30E6 /* Release */ = {
			isa = XCBuildConfiguration;
			buildSettings = {
				ALWAYS_SEARCH_USER_PATHS = NO;
				CLANG_ANALYZER_NONNULL = YES;
				CLANG_ANALYZER_NUMBER_OBJECT_CONVERSION = YES_AGGRESSIVE;
				CLANG_CXX_LANGUAGE_STANDARD = "gnu++20";
				CLANG_ENABLE_MODULES = YES;
				CLANG_ENABLE_OBJC_ARC = YES;
				CLANG_ENABLE_OBJC_WEAK = YES;
				CLANG_WARN_BLOCK_CAPTURE_AUTORELEASING = YES;
				CLANG_WARN_BOOL_CONVERSION = YES;
				CLANG_WARN_COMMA = YES;
				CLANG_WARN_CONSTANT_CONVERSION = YES;
				CLANG_WARN_DEPRECATED_OBJC_IMPLEMENTATIONS = YES;
				CLANG_WARN_DIRECT_OBJC_ISA_USAGE = YES_ERROR;
				CLANG_WARN_DOCUMENTATION_COMMENTS = YES;
				CLANG_WARN_EMPTY_BODY = YES;
				CLANG_WARN_ENUM_CONVERSION = YES;
				CLANG_WARN_INFINITE_RECURSION = YES;
				CLANG_WARN_INT_CONVERSION = YES;
				CLANG_WARN_NON_LITERAL_NULL_CONVERSION = YES;
				CLANG_WARN_OBJC_IMPLICIT_RETAIN_SELF = YES;
				CLANG_WARN_OBJC_LITERAL_CONVERSION = YES;
				CLANG_WARN_OBJC_ROOT_CLASS = YES_ERROR;
				CLANG_WARN_QUOTED_INCLUDE_IN_FRAMEWORK_HEADER = YES;
				CLANG_WARN_RANGE_LOOP_ANALYSIS = YES;
				CLANG_WARN_STRICT_PROTOTYPES = YES;
				CLANG_WARN_SUSPICIOUS_MOVE = YES;
				CLANG_WARN_UNGUARDED_AVAILABILITY = YES_AGGRESSIVE;
				CLANG_WARN_UNREACHABLE_CODE = YES;
				CLANG_WARN__DUPLICATE_METHOD_MATCH = YES;
				COPY_PHASE_STRIP = NO;
				DEBUG_INFORMATION_FORMAT = "dwarf-with-dsym";
				ENABLE_NS_ASSERTIONS = NO;
				ENABLE_STRICT_OBJC_MSGSEND = YES;
				GCC_C_LANGUAGE_STANDARD = gnu11;
				GCC_NO_COMMON_BLOCKS = YES;
				GCC_WARN_64_TO_32_BIT_CONVERSION = YES;
				GCC_WARN_ABOUT_RETURN_TYPE = YES_ERROR;
				GCC_WARN_UNDECLARED_SELECTOR = YES;
				GCC_WARN_UNINITIALIZED_AUTOS = YES_AGGRESSIVE;
				GCC_WARN_UNUSED_FUNCTION = YES;
				GCC_WARN_UNUSED_VARIABLE = YES;
				IPHONEOS_DEPLOYMENT_TARGET = 11.0;
				MTL_ENABLE_DEBUG_INFO = NO;
				MTL_FAST_MATH = YES;
				SDKROOT = iphoneos;
				SWIFT_COMPILATION_MODE = wholemodule;
				SWIFT_OPTIMIZATION_LEVEL = "-O";
				VALIDATE_PRODUCT = YES;
			};
			name = Release;
		};
		628A886B299AD2A5009F30E6 /* Debug */ = {
			isa = XCBuildConfiguration;
			baseConfigurationReference = 6FBFE467F8260B5A059674F8 /* Pods-Asistencia Bancoppel.debug.xcconfig */;
			buildSettings = {
				ASSETCATALOG_COMPILER_APPICON_NAME = AppIcon;
				ASSETCATALOG_COMPILER_GLOBAL_ACCENT_COLOR_NAME = AccentColor;
				CODE_SIGN_STYLE = Automatic;
				CURRENT_PROJECT_VERSION = 1;
				GENERATE_INFOPLIST_FILE = YES;
				INFOPLIST_FILE = "Asistencia Bancoppel/Info.plist";
				INFOPLIST_KEY_NSPhotoLibraryUsageDescription = "Habilite los permisos para acceder a la galería";
				INFOPLIST_KEY_UIApplicationSupportsIndirectInputEvents = YES;
				INFOPLIST_KEY_UILaunchStoryboardName = LaunchScreen;
				INFOPLIST_KEY_UISupportedInterfaceOrientations = UIInterfaceOrientationPortrait;
				IPHONEOS_DEPLOYMENT_TARGET = 11.0;
				LD_RUNPATH_SEARCH_PATHS = (
					"$(inherited)",
					"@executable_path/Frameworks",
				);
				MARKETING_VERSION = 1.0;
				PRODUCT_BUNDLE_IDENTIFIER = "JRRG.Asistencia-Bancoppel";
				PRODUCT_NAME = "$(TARGET_NAME)";
				SUPPORTED_PLATFORMS = "iphoneos iphonesimulator";
				SUPPORTS_MACCATALYST = NO;
				SUPPORTS_MAC_DESIGNED_FOR_IPHONE_IPAD = NO;
				SWIFT_EMIT_LOC_STRINGS = YES;
				SWIFT_VERSION = 5.0;
				TARGETED_DEVICE_FAMILY = 1;
			};
			name = Debug;
		};
		628A886C299AD2A5009F30E6 /* Release */ = {
			isa = XCBuildConfiguration;
			baseConfigurationReference = EFD35F593DA0C456EB25DDD6 /* Pods-Asistencia Bancoppel.release.xcconfig */;
			buildSettings = {
				ASSETCATALOG_COMPILER_APPICON_NAME = AppIcon;
				ASSETCATALOG_COMPILER_GLOBAL_ACCENT_COLOR_NAME = AccentColor;
				CODE_SIGN_STYLE = Automatic;
				CURRENT_PROJECT_VERSION = 1;
				GENERATE_INFOPLIST_FILE = YES;
				INFOPLIST_FILE = "Asistencia Bancoppel/Info.plist";
				INFOPLIST_KEY_NSPhotoLibraryUsageDescription = "Habilite los permisos para acceder a la galería";
				INFOPLIST_KEY_UIApplicationSupportsIndirectInputEvents = YES;
				INFOPLIST_KEY_UILaunchStoryboardName = LaunchScreen;
				INFOPLIST_KEY_UISupportedInterfaceOrientations = UIInterfaceOrientationPortrait;
				IPHONEOS_DEPLOYMENT_TARGET = 11.0;
				LD_RUNPATH_SEARCH_PATHS = (
					"$(inherited)",
					"@executable_path/Frameworks",
				);
				MARKETING_VERSION = 1.0;
				PRODUCT_BUNDLE_IDENTIFIER = "JRRG.Asistencia-Bancoppel";
				PRODUCT_NAME = "$(TARGET_NAME)";
				SUPPORTED_PLATFORMS = "iphoneos iphonesimulator";
				SUPPORTS_MACCATALYST = NO;
				SUPPORTS_MAC_DESIGNED_FOR_IPHONE_IPAD = NO;
				SWIFT_EMIT_LOC_STRINGS = YES;
				SWIFT_VERSION = 5.0;
				TARGETED_DEVICE_FAMILY = 1;
			};
			name = Release;
		};
/* End XCBuildConfiguration section */

/* Begin XCConfigurationList section */
		628A8851299AD299009F30E6 /* Build configuration list for PBXProject "Asistencia Bancoppel" */ = {
			isa = XCConfigurationList;
			buildConfigurations = (
				628A8868299AD2A5009F30E6 /* Debug */,
				628A8869299AD2A5009F30E6 /* Release */,
			);
			defaultConfigurationIsVisible = 0;
			defaultConfigurationName = Release;
		};
		628A886A299AD2A5009F30E6 /* Build configuration list for PBXNativeTarget "Asistencia Bancoppel" */ = {
			isa = XCConfigurationList;
			buildConfigurations = (
				628A886B299AD2A5009F30E6 /* Debug */,
				628A886C299AD2A5009F30E6 /* Release */,
			);
			defaultConfigurationIsVisible = 0;
			defaultConfigurationName = Release;
		};
/* End XCConfigurationList section */
	};
	rootObject = 628A884E299AD299009F30E6 /* Project object */;
}
